// !$*UTF8*$!
{
	archiveVersion = 1;
	classes = {
	};
	objectVersion = 46;
	objects = {

/* Begin PBXBuildFile section */
		6BBC90141B6CACC600DF959C /* AppDelegate.swift in Sources */ = {isa = PBXBuildFile; fileRef = 6BBC90131B6CACC600DF959C /* AppDelegate.swift */; };
		6BBC90161B6CACC600DF959C /* ViewController.swift in Sources */ = {isa = PBXBuildFile; fileRef = 6BBC90151B6CACC600DF959C /* ViewController.swift */; };
		6BBC90191B6CACC600DF959C /* Main.storyboard in Resources */ = {isa = PBXBuildFile; fileRef = 6BBC90171B6CACC600DF959C /* Main.storyboard */; };
		6BBC901B1B6CACC600DF959C /* Assets.xcassets in Resources */ = {isa = PBXBuildFile; fileRef = 6BBC901A1B6CACC600DF959C /* Assets.xcassets */; };
		6BBC901E1B6CACC600DF959C /* LaunchScreen.storyboard in Resources */ = {isa = PBXBuildFile; fileRef = 6BBC901C1B6CACC600DF959C /* LaunchScreen.storyboard */; };
/* End PBXBuildFile section */

/* Begin PBXFileReference section */
		6BBC90101B6CACC600DF959C /* UIStepper.app */ = {isa = PBXFileReference; explicitFileType = wrapper.application; includeInIndex = 0; path = UIStepper.app; sourceTree = BUILT_PRODUCTS_DIR; };
		6BBC90131B6CACC600DF959C /* AppDelegate.swift */ = {isa = PBXFileReference; lastKnownFileType = sourcecode.swift; path = AppDelegate.swift; sourceTree = "<group>"; };
		6BBC90151B6CACC600DF959C /* ViewController.swift */ = {isa = PBXFileReference; lastKnownFileType = sourcecode.swift; path = ViewController.swift; sourceTree = "<group>"; };
		6BBC90181B6CACC600DF959C /* Base */ = {isa = PBXFileReference; lastKnownFileType = file.storyboard; name = Base; path = Base.lproj/Main.storyboard; sourceTree = "<group>"; };
		6BBC901A1B6CACC600DF959C /* Assets.xcassets */ = {isa = PBXFileReference; lastKnownFileType = folder.assetcatalog; path = Assets.xcassets; sourceTree = "<group>"; };
		6BBC901D1B6CACC600DF959C /* Base */ = {isa = PBXFileReference; lastKnownFileType = file.storyboard; name = Base; path = Base.lproj/LaunchScreen.storyboard; sourceTree = "<group>"; };
		6BBC901F1B6CACC600DF959C /* Info.plist */ = {isa = PBXFileReference; lastKnownFileType = text.plist.xml; path = Info.plist; sourceTree = "<group>"; };
/* End PBXFileReference section */

/* Begin PBXFrameworksBuildPhase section */
		6BBC900D1B6CACC600DF959C /* Frameworks */ = {
			isa = PBXFrameworksBuildPhase;
			buildActionMask = 2147483647;
			files = (
			);
			runOnlyForDeploymentPostprocessing = 0;
		};
/* End PBXFrameworksBuildPhase section */

/* Begin PBXGroup section */
		6BBC90071B6CACC600DF959C = {
			isa = PBXGroup;
			children = (
				6BBC90121B6CACC600DF959C /* UIStepper */,
				6BBC90111B6CACC600DF959C /* Products */,
			);
			sourceTree = "<group>";
		};
		6BBC90111B6CACC600DF959C /* Products */ = {
			isa = PBXGroup;
			children = (
				6BBC90101B6CACC600DF959C /* UIStepper.app */,
			);
			name = Products;
			sourceTree = "<group>";
		};
		6BBC90121B6CACC600DF959C /* UIStepper */ = {
			isa = PBXGroup;
			children = (
				6BBC90131B6CACC600DF959C /* AppDelegate.swift */,
				6BBC90151B6CACC600DF959C /* ViewController.swift */,
				6BBC90171B6CACC600DF959C /* Main.storyboard */,
				6BBC901A1B6CACC600DF959C /* Assets.xcassets */,
				6BBC901C1B6CACC600DF959C /* LaunchScreen.storyboard */,
				6BBC901F1B6CACC600DF959C /* Info.plist */,
			);
			path = UIStepper;
			sourceTree = "<group>";
		};
/* End PBXGroup section */

/* Begin PBXNativeTarget section */
		6BBC900F1B6CACC600DF959C /* UIStepper */ = {
			isa = PBXNativeTarget;
			buildConfigurationList = 6BBC90221B6CACC600DF959C /* Build configuration list for PBXNativeTarget "UIStepper" */;
			buildPhases = (
				6BBC900C1B6CACC600DF959C /* Sources */,
				6BBC900D1B6CACC600DF959C /* Frameworks */,
				6BBC900E1B6CACC600DF959C /* Resources */,
			);
			buildRules = (
			);
			dependencies = (
			);
			name = UIStepper;
			productName = UIStepper;
			productReference = 6BBC90101B6CACC600DF959C /* UIStepper.app */;
			productType = "com.apple.product-type.application";
		};
/* End PBXNativeTarget section */

/* Begin PBXProject section */
		6BBC90081B6CACC600DF959C /* Project object */ = {
			isa = PBXProject;
			attributes = {
				LastUpgradeCheck = 0700;
				ORGANIZATIONNAME = LC;
				TargetAttributes = {
					6BBC900F1B6CACC600DF959C = {
						CreatedOnToolsVersion = 7.0;
					};
				};
			};
			buildConfigurationList = 6BBC900B1B6CACC600DF959C /* Build configuration list for PBXProject "UIStepper" */;
			compatibilityVersion = "Xcode 3.2";
			developmentRegion = English;
			hasScannedForEncodings = 0;
			knownRegions = (
				en,
				Base,
			);
			mainGroup = 6BBC90071B6CACC600DF959C;
			productRefGroup = 6BBC90111B6CACC600DF959C /* Products */;
			projectDirPath = "";
			projectRoot = "";
			targets = (
				6BBC900F1B6CACC600DF959C /* UIStepper */,
			);
		};
/* End PBXProject section */

/* Begin PBXResourcesBuildPhase section */
		6BBC900E1B6CACC600DF959C /* Resources */ = {
			isa = PBXResourcesBuildPhase;
			buildActionMask = 2147483647;
			files = (
				6BBC901E1B6CACC600DF959C /* LaunchScreen.storyboard in Resources */,
				6BBC901B1B6CACC600DF959C /* Assets.xcassets in Resources */,
				6BBC90191B6CACC600DF959C /* Main.storyboard in Resources */,
			);
			runOnlyForDeploymentPostprocessing = 0;
		};
/* End PBXResourcesBuildPhase section */

/* Begin PBXSourcesBuildPhase section */
		6BBC900C1B6CACC600DF959C /* Sources */ = {
			isa = PBXSourcesBuildPhase;
			buildActionMask = 2147483647;
			files = (
				6BBC90161B6CACC600DF959C /* ViewController.swift in Sources */,
				6BBC90141B6CACC600DF959C /* AppDelegate.swift in Sources */,
			);
			runOnlyForDeploymentPostprocessing = 0;
		};
/* End PBXSourcesBuildPhase section */

/* Begin PBXVariantGroup section */
		6BBC90171B6CACC600DF959C /* Main.storyboard */ = {
			isa = PBXVariantGroup;
			children = (
				6BBC90181B6CACC600DF959C /* Base */,
			);
			name = Main.storyboard;
			sourceTree = "<group>";
		};
		6BBC901C1B6CACC600DF959C /* LaunchScreen.storyboard */ = {
			isa = PBXVariantGroup;
			children = (
				6BBC901D1B6CACC600DF959C /* Base */,
			);
			name = LaunchScreen.storyboard;
			sourceTree = "<group>";
		};
/* End PBXVariantGroup section */

/* Begin XCBuildConfiguration section */
		6BBC90201B6CACC600DF959C /* Debug */ = {
			isa = XCBuildConfiguration;
			buildSettings = {
				ALWAYS_SEARCH_USER_PATHS = NO;
				CLANG_CXX_LANGUAGE_STANDARD = "gnu++0x";
				CLANG_CXX_LIBRARY = "libc++";
				CLANG_ENABLE_MODULES = YES;
				CLANG_ENABLE_OBJC_ARC = YES;
				CLANG_WARN_BOOL_CONVERSION = YES;
				CLANG_WARN_CONSTANT_CONVERSION = YES;
				CLANG_WARN_DIRECT_OBJC_ISA_USAGE = YES_ERROR;
				CLANG_WARN_EMPTY_BODY = YES;
				CLANG_WARN_ENUM_CONVERSION = YES;
				CLANG_WARN_INT_CONVERSION = YES;
				CLANG_WARN_OBJC_ROOT_CLASS = YES_ERROR;
				CLANG_WARN_UNREACHABLE_CODE = YES;
				CLANG_WARN__DUPLICATE_METHOD_MATCH = YES;
				"CODE_SIGN_IDENTITY[sdk=iphoneos*]" = "iPhone Developer";
				COPY_PHASE_STRIP = NO;
				DEBUG_INFORMATION_FORMAT = dwarf;
				ENABLE_STRICT_OBJC_MSGSEND = YES;
				ENABLE_TESTABILITY = YES;
				GCC_C_LANGUAGE_STANDARD = gnu99;
				GCC_DYNAMIC_NO_PIC = NO;
				GCC_NO_COMMON_BLOCKS = YES;
				GCC_OPTIMIZATION_LEVEL = 0;
				GCC_PREPROCESSOR_DEFINITIONS = (
					"DEBUG=1",
					"$(inherited)",
				);
				GCC_WARN_64_TO_32_BIT_CONVERSION = YES;
				GCC_WARN_ABOUT_RETURN_TYPE = YES_ERROR;
				GCC_WARN_UNDECLARED_SELECTOR = YES;
				GCC_WARN_UNINITIALIZED_AUTOS = YES_AGGRESSIVE;
				GCC_WARN_UNUSED_FUNCTION = YES;
				GCC_WARN_UNUSED_VARIABLE = YES;
				IPHONEOS_DEPLOYMENT_TARGET = 9.0;
				MTL_ENABLE_DEBUG_INFO = YES;
				ONLY_ACTIVE_ARCH = YES;
				SDKROOT = iphoneos;
				SWIFT_OPTIMIZATION_LEVEL = "-Onone";
			};
			name = Debug;
		};
		6BBC90211B6CACC600DF959C /* Release */ = {
			isa = XCBuildConfiguration;
			buildSettings = {
				ALWAYS_SEARCH_USER_PATHS = NO;
				CLANG_CXX_LANGUAGE_STANDARD = "gnu++0x";
				CLANG_CXX_LIBRARY = "libc++";
				CLANG_ENABLE_MODULES = YES;
				CLANG_ENABLE_OBJC_ARC = YES;
				CLANG_WARN_BOOL_CONVERSION = YES;
				CLANG_WARN_CONSTANT_CONVERSION = YES;
				CLANG_WARN_DIRECT_OBJC_ISA_USAGE = YES_ERROR;
				CLANG_WARN_EMPTY_BODY = YES;
				CLANG_WARN_ENUM_CONVERSION = YES;
				CLANG_WARN_INT_CONVERSION = YES;
				CLANG_WARN_OBJC_ROOT_CLASS = YES_ERROR;
				CLANG_WARN_UNREACHABLE_CODE = YES;
				CLANG_WARN__DUPLICATE_METHOD_MATCH = YES;
				"CODE_SIGN_IDENTITY[sdk=iphoneos*]" = "iPhone Developer";
				COPY_PHASE_STRIP = NO;
				DEBUG_INFORMATION_FORMAT = "dwarf-with-dsym";
				ENABLE_NS_ASSERTIONS = NO;
				ENABLE_STRICT_OBJC_MSGSEND = YES;
				GCC_C_LANGUAGE_STANDARD = gnu99;
				GCC_NO_COMMON_BLOCKS = YES;
				GCC_WARN_64_TO_32_BIT_CONVERSION = YES;
				GCC_WARN_ABOUT_RETURN_TYPE = YES_ERROR;
				GCC_WARN_UNDECLARED_SELECTOR = YES;
				GCC_WARN_UNINITIALIZED_AUTOS = YES_AGGRESSIVE;
				GCC_WARN_UNUSED_FUNCTION = YES;
				GCC_WARN_UNUSED_VARIABLE = YES;
				IPHONEOS_DEPLOYMENT_TARGET = 9.0;
				MTL_ENABLE_DEBUG_INFO = NO;
				SDKROOT = iphoneos;
				VALIDATE_PRODUCT = YES;
			};
			name = Release;
		};
		6BBC90231B6CACC600DF959C /* Debug */ = {
			isa = XCBuildConfiguration;
			buildSettings = {
				ASSETCATALOG_COMPILER_APPICON_NAME = AppIcon;
				INFOPLIST_FILE = UIStepper/Info.plist;
				LD_RUNPATH_SEARCH_PATHS = "$(inherited) @executable_path/Frameworks";
				PRODUCT_BUNDLE_IDENTIFIER = com.LC.UIStepper;
				PRODUCT_NAME = "$(TARGET_NAME)";
			};
			name = Debug;
		};
		6BBC90241B6CACC600DF959C /* Release */ = {
			isa = XCBuildConfiguration;
			buildSettings = {
				ASSETCATALOG_COMPILER_APPICON_NAME = AppIcon;
				INFOPLIST_FILE = UIStepper/Info.plist;
				LD_RUNPATH_SEARCH_PATHS = "$(inherited) @executable_path/Frameworks";
				PRODUCT_BUNDLE_IDENTIFIER = com.LC.UIStepper;
				PRODUCT_NAME = "$(TARGET_NAME)";
			};
			name = Release;
		};
/* End XCBuildConfiguration section */

/* Begin XCConfigurationList section */
		6BBC900B1B6CACC600DF959C /* Build configuration list for PBXProject "UIStepper" */ = {
			isa = XCConfigurationList;
			buildConfigurations = (
				6BBC90201B6CACC600DF959C /* Debug */,
				6BBC90211B6CACC600DF959C /* Release */,
			);
			defaultConfigurationIsVisible = 0;
			defaultConfigurationName = Release;
		};
		6BBC90221B6CACC600DF959C /* Build configuration list for PBXNativeTarget "UIStepper" */ = {
			isa = XCConfigurationList;
			buildConfigurations = (
				6BBC90231B6CACC600DF959C /* Debug */,
				6BBC90241B6CACC600DF959C /* Release */,
			);
			defaultConfigurationIsVisible = 0;
		};
/* End XCConfigurationList section */
	};
	rootObject = 6BBC90081B6CACC600DF959C /* Project object */;
}
