// !$*UTF8*$!
{
	archiveVersion = 1;
	classes = {
	};
	objectVersion = 46;
	objects = {

/* Begin PBXBuildFile section */
		6B10839B1E082C3A00E084DD /* AppDelegate.swift in Sources */ = {isa = PBXBuildFile; fileRef = 6B10839A1E082C3A00E084DD /* AppDelegate.swift */; };
		6B10839D1E082C3A00E084DD /* ViewController.swift in Sources */ = {isa = PBXBuildFile; fileRef = 6B10839C1E082C3A00E084DD /* ViewController.swift */; };
		6B1083A01E082C3A00E084DD /* Main.storyboard in Resources */ = {isa = PBXBuildFile; fileRef = 6B10839E1E082C3A00E084DD /* Main.storyboard */; };
		6B1083A21E082C3A00E084DD /* Assets.xcassets in Resources */ = {isa = PBXBuildFile; fileRef = 6B1083A11E082C3A00E084DD /* Assets.xcassets */; };
		6B1083A51E082C3A00E084DD /* LaunchScreen.storyboard in Resources */ = {isa = PBXBuildFile; fileRef = 6B1083A31E082C3A00E084DD /* LaunchScreen.storyboard */; };
		6B1083AD1E082C4700E084DD /* Property.plist in Resources */ = {isa = PBXBuildFile; fileRef = 6B1083AC1E082C4700E084DD /* Property.plist */; };
/* End PBXBuildFile section */

/* Begin PBXFileReference section */
		6B1083971E082C3A00E084DD /* UITableView_Group.app */ = {isa = PBXFileReference; explicitFileType = wrapper.application; includeInIndex = 0; path = UITableView_Group.app; sourceTree = BUILT_PRODUCTS_DIR; };
		6B10839A1E082C3A00E084DD /* AppDelegate.swift */ = {isa = PBXFileReference; lastKnownFileType = sourcecode.swift; path = AppDelegate.swift; sourceTree = "<group>"; };
		6B10839C1E082C3A00E084DD /* ViewController.swift */ = {isa = PBXFileReference; lastKnownFileType = sourcecode.swift; path = ViewController.swift; sourceTree = "<group>"; };
		6B10839F1E082C3A00E084DD /* Base */ = {isa = PBXFileReference; lastKnownFileType = file.storyboard; name = Base; path = Base.lproj/Main.storyboard; sourceTree = "<group>"; };
		6B1083A11E082C3A00E084DD /* Assets.xcassets */ = {isa = PBXFileReference; lastKnownFileType = folder.assetcatalog; path = Assets.xcassets; sourceTree = "<group>"; };
		6B1083A41E082C3A00E084DD /* Base */ = {isa = PBXFileReference; lastKnownFileType = file.storyboard; name = Base; path = Base.lproj/LaunchScreen.storyboard; sourceTree = "<group>"; };
		6B1083A61E082C3A00E084DD /* Info.plist */ = {isa = PBXFileReference; lastKnownFileType = text.plist.xml; path = Info.plist; sourceTree = "<group>"; };
		6B1083AC1E082C4700E084DD /* Property.plist */ = {isa = PBXFileReference; fileEncoding = 4; lastKnownFileType = text.plist.xml; path = Property.plist; sourceTree = "<group>"; };
/* End PBXFileReference section */

/* Begin PBXFrameworksBuildPhase section */
		6B1083941E082C3A00E084DD /* Frameworks */ = {
			isa = PBXFrameworksBuildPhase;
			buildActionMask = 2147483647;
			files = (
			);
			runOnlyForDeploymentPostprocessing = 0;
		};
/* End PBXFrameworksBuildPhase section */

/* Begin PBXGroup section */
		6B10838E1E082C3A00E084DD = {
			isa = PBXGroup;
			children = (
				6B1083991E082C3A00E084DD /* UITableView_Group */,
				6B1083981E082C3A00E084DD /* Products */,
			);
			sourceTree = "<group>";
		};
		6B1083981E082C3A00E084DD /* Products */ = {
			isa = PBXGroup;
			children = (
				6B1083971E082C3A00E084DD /* UITableView_Group.app */,
			);
			name = Products;
			sourceTree = "<group>";
		};
		6B1083991E082C3A00E084DD /* UITableView_Group */ = {
			isa = PBXGroup;
			children = (
				6B10839A1E082C3A00E084DD /* AppDelegate.swift */,
				6B10839C1E082C3A00E084DD /* ViewController.swift */,
				6B10839E1E082C3A00E084DD /* Main.storyboard */,
				6B1083A11E082C3A00E084DD /* Assets.xcassets */,
				6B1083AC1E082C4700E084DD /* Property.plist */,
				6B1083A31E082C3A00E084DD /* LaunchScreen.storyboard */,
				6B1083A61E082C3A00E084DD /* Info.plist */,
			);
			path = UITableView_Group;
			sourceTree = "<group>";
		};
/* End PBXGroup section */

/* Begin PBXNativeTarget section */
		6B1083961E082C3A00E084DD /* UITableView_Group */ = {
			isa = PBXNativeTarget;
			buildConfigurationList = 6B1083A91E082C3A00E084DD /* Build configuration list for PBXNativeTarget "UITableView_Group" */;
			buildPhases = (
				6B1083931E082C3A00E084DD /* Sources */,
				6B1083941E082C3A00E084DD /* Frameworks */,
				6B1083951E082C3A00E084DD /* Resources */,
			);
			buildRules = (
			);
			dependencies = (
			);
			name = UITableView_Group;
			productName = UITableView_Group;
			productReference = 6B1083971E082C3A00E084DD /* UITableView_Group.app */;
			productType = "com.apple.product-type.application";
		};
/* End PBXNativeTarget section */

/* Begin PBXProject section */
		6B10838F1E082C3A00E084DD /* Project object */ = {
			isa = PBXProject;
			attributes = {
				LastSwiftUpdateCheck = 0810;
				LastUpgradeCheck = 0810;
				ORGANIZATIONNAME = LC;
				TargetAttributes = {
					6B1083961E082C3A00E084DD = {
						CreatedOnToolsVersion = 8.1;
						ProvisioningStyle = Automatic;
					};
				};
			};
			buildConfigurationList = 6B1083921E082C3A00E084DD /* Build configuration list for PBXProject "UITableView_Group" */;
			compatibilityVersion = "Xcode 3.2";
			developmentRegion = English;
			hasScannedForEncodings = 0;
			knownRegions = (
				en,
				Base,
			);
			mainGroup = 6B10838E1E082C3A00E084DD;
			productRefGroup = 6B1083981E082C3A00E084DD /* Products */;
			projectDirPath = "";
			projectRoot = "";
			targets = (
				6B1083961E082C3A00E084DD /* UITableView_Group */,
			);
		};
/* End PBXProject section */

/* Begin PBXResourcesBuildPhase section */
		6B1083951E082C3A00E084DD /* Resources */ = {
			isa = PBXResourcesBuildPhase;
			buildActionMask = 2147483647;
			files = (
				6B1083A51E082C3A00E084DD /* LaunchScreen.storyboard in Resources */,
				6B1083AD1E082C4700E084DD /* Property.plist in Resources */,
				6B1083A21E082C3A00E084DD /* Assets.xcassets in Resources */,
				6B1083A01E082C3A00E084DD /* Main.storyboard in Resources */,
			);
			runOnlyForDeploymentPostprocessing = 0;
		};
/* End PBXResourcesBuildPhase section */

/* Begin PBXSourcesBuildPhase section */
		6B1083931E082C3A00E084DD /* Sources */ = {
			isa = PBXSourcesBuildPhase;
			buildActionMask = 2147483647;
			files = (
				6B10839D1E082C3A00E084DD /* ViewController.swift in Sources */,
				6B10839B1E082C3A00E084DD /* AppDelegate.swift in Sources */,
			);
			runOnlyForDeploymentPostprocessing = 0;
		};
/* End PBXSourcesBuildPhase section */

/* Begin PBXVariantGroup section */
		6B10839E1E082C3A00E084DD /* Main.storyboard */ = {
			isa = PBXVariantGroup;
			children = (
				6B10839F1E082C3A00E084DD /* Base */,
			);
			name = Main.storyboard;
			sourceTree = "<group>";
		};
		6B1083A31E082C3A00E084DD /* LaunchScreen.storyboard */ = {
			isa = PBXVariantGroup;
			children = (
				6B1083A41E082C3A00E084DD /* Base */,
			);
			name = LaunchScreen.storyboard;
			sourceTree = "<group>";
		};
/* End PBXVariantGroup section */

/* Begin XCBuildConfiguration section */
		6B1083A71E082C3A00E084DD /* Debug */ = {
			isa = XCBuildConfiguration;
			buildSettings = {
				ALWAYS_SEARCH_USER_PATHS = NO;
				CLANG_ANALYZER_NONNULL = YES;
				CLANG_CXX_LANGUAGE_STANDARD = "gnu++0x";
				CLANG_CXX_LIBRARY = "libc++";
				CLANG_ENABLE_MODULES = YES;
				CLANG_ENABLE_OBJC_ARC = YES;
				CLANG_WARN_BOOL_CONVERSION = YES;
				CLANG_WARN_CONSTANT_CONVERSION = YES;
				CLANG_WARN_DIRECT_OBJC_ISA_USAGE = YES_ERROR;
				CLANG_WARN_DOCUMENTATION_COMMENTS = YES;
				CLANG_WARN_EMPTY_BODY = YES;
				CLANG_WARN_ENUM_CONVERSION = YES;
				CLANG_WARN_INFINITE_RECURSION = YES;
				CLANG_WARN_INT_CONVERSION = YES;
				CLANG_WARN_OBJC_ROOT_CLASS = YES_ERROR;
				CLANG_WARN_SUSPICIOUS_MOVES = YES;
				CLANG_WARN_UNREACHABLE_CODE = YES;
				CLANG_WARN__DUPLICATE_METHOD_MATCH = YES;
				"CODE_SIGN_IDENTITY[sdk=iphoneos*]" = "iPhone Developer";
				COPY_PHASE_STRIP = NO;
				DEBUG_INFORMATION_FORMAT = dwarf;
				ENABLE_STRICT_OBJC_MSGSEND = YES;
				ENABLE_TESTABILITY = YES;
				GCC_C_LANGUAGE_STANDARD = gnu99;
				GCC_DYNAMIC_NO_PIC = NO;
				GCC_NO_COMMON_BLOCKS = YES;
				GCC_OPTIMIZATION_LEVEL = 0;
				GCC_PREPROCESSOR_DEFINITIONS = (
					"DEBUG=1",
					"$(inherited)",
				);
				GCC_WARN_64_TO_32_BIT_CONVERSION = YES;
				GCC_WARN_ABOUT_RETURN_TYPE = YES_ERROR;
				GCC_WARN_UNDECLARED_SELECTOR = YES;
				GCC_WARN_UNINITIALIZED_AUTOS = YES_AGGRESSIVE;
				GCC_WARN_UNUSED_FUNCTION = YES;
				GCC_WARN_UNUSED_VARIABLE = YES;
				IPHONEOS_DEPLOYMENT_TARGET = 10.1;
				MTL_ENABLE_DEBUG_INFO = YES;
				ONLY_ACTIVE_ARCH = YES;
				SDKROOT = iphoneos;
				SWIFT_ACTIVE_COMPILATION_CONDITIONS = DEBUG;
				SWIFT_OPTIMIZATION_LEVEL = "-Onone";
				TARGETED_DEVICE_FAMILY = "1,2";
			};
			name = Debug;
		};
		6B1083A81E082C3A00E084DD /* Release */ = {
			isa = XCBuildConfiguration;
			buildSettings = {
				ALWAYS_SEARCH_USER_PATHS = NO;
				CLANG_ANALYZER_NONNULL = YES;
				CLANG_CXX_LANGUAGE_STANDARD = "gnu++0x";
				CLANG_CXX_LIBRARY = "libc++";
				CLANG_ENABLE_MODULES = YES;
				CLANG_ENABLE_OBJC_ARC = YES;
				CLANG_WARN_BOOL_CONVERSION = YES;
				CLANG_WARN_CONSTANT_CONVERSION = YES;
				CLANG_WARN_DIRECT_OBJC_ISA_USAGE = YES_ERROR;
				CLANG_WARN_DOCUMENTATION_COMMENTS = YES;
				CLANG_WARN_EMPTY_BODY = YES;
				CLANG_WARN_ENUM_CONVERSION = YES;
				CLANG_WARN_INFINITE_RECURSION = YES;
				CLANG_WARN_INT_CONVERSION = YES;
				CLANG_WARN_OBJC_ROOT_CLASS = YES_ERROR;
				CLANG_WARN_SUSPICIOUS_MOVES = YES;
				CLANG_WARN_UNREACHABLE_CODE = YES;
				CLANG_WARN__DUPLICATE_METHOD_MATCH = YES;
				"CODE_SIGN_IDENTITY[sdk=iphoneos*]" = "iPhone Developer";
				COPY_PHASE_STRIP = NO;
				DEBUG_INFORMATION_FORMAT = "dwarf-with-dsym";
				ENABLE_NS_ASSERTIONS = NO;
				ENABLE_STRICT_OBJC_MSGSEND = YES;
				GCC_C_LANGUAGE_STANDARD = gnu99;
				GCC_NO_COMMON_BLOCKS = YES;
				GCC_WARN_64_TO_32_BIT_CONVERSION = YES;
				GCC_WARN_ABOUT_RETURN_TYPE = YES_ERROR;
				GCC_WARN_UNDECLARED_SELECTOR = YES;
				GCC_WARN_UNINITIALIZED_AUTOS = YES_AGGRESSIVE;
				GCC_WARN_UNUSED_FUNCTION = YES;
				GCC_WARN_UNUSED_VARIABLE = YES;
				IPHONEOS_DEPLOYMENT_TARGET = 10.1;
				MTL_ENABLE_DEBUG_INFO = NO;
				SDKROOT = iphoneos;
				SWIFT_OPTIMIZATION_LEVEL = "-Owholemodule";
				TARGETED_DEVICE_FAMILY = "1,2";
				VALIDATE_PRODUCT = YES;
			};
			name = Release;
		};
		6B1083AA1E082C3A00E084DD /* Debug */ = {
			isa = XCBuildConfiguration;
			buildSettings = {
				ASSETCATALOG_COMPILER_APPICON_NAME = AppIcon;
				DEVELOPMENT_TEAM = "";
				INFOPLIST_FILE = UITableView_Group/Info.plist;
				LD_RUNPATH_SEARCH_PATHS = "$(inherited) @executable_path/Frameworks";
				PRODUCT_BUNDLE_IDENTIFIER = "com.LC.UITableView-Group";
				PRODUCT_NAME = "$(TARGET_NAME)";
				SWIFT_VERSION = 3.0;
			};
			name = Debug;
		};
		6B1083AB1E082C3A00E084DD /* Release */ = {
			isa = XCBuildConfiguration;
			buildSettings = {
				ASSETCATALOG_COMPILER_APPICON_NAME = AppIcon;
				DEVELOPMENT_TEAM = "";
				INFOPLIST_FILE = UITableView_Group/Info.plist;
				LD_RUNPATH_SEARCH_PATHS = "$(inherited) @executable_path/Frameworks";
				PRODUCT_BUNDLE_IDENTIFIER = "com.LC.UITableView-Group";
				PRODUCT_NAME = "$(TARGET_NAME)";
				SWIFT_VERSION = 3.0;
			};
			name = Release;
		};
/* End XCBuildConfiguration section */

/* Begin XCConfigurationList section */
		6B1083921E082C3A00E084DD /* Build configuration list for PBXProject "UITableView_Group" */ = {
			isa = XCConfigurationList;
			buildConfigurations = (
				6B1083A71E082C3A00E084DD /* Debug */,
				6B1083A81E082C3A00E084DD /* Release */,
			);
			defaultConfigurationIsVisible = 0;
			defaultConfigurationName = Release;
		};
		6B1083A91E082C3A00E084DD /* Build configuration list for PBXNativeTarget "UITableView_Group" */ = {
			isa = XCConfigurationList;
			buildConfigurations = (
				6B1083AA1E082C3A00E084DD /* Debug */,
				6B1083AB1E082C3A00E084DD /* Release */,
			);
			defaultConfigurationIsVisible = 0;
		};
/* End XCConfigurationList section */
	};
	rootObject = 6B10838F1E082C3A00E084DD /* Project object */;
}
