// !$*UTF8*$!
{
	archiveVersion = 1;
	classes = {
	};
	objectVersion = 46;
	objects = {

/* Begin PBXBuildFile section */
		6B1083AF1E08331B00E084DD /* Property.plist in Resources */ = {isa = PBXBuildFile; fileRef = 6B1083AE1E08331B00E084DD /* Property.plist */; };
		6B34ACB71D23529800365EEF /* AppDelegate.swift in Sources */ = {isa = PBXBuildFile; fileRef = 6B34ACB61D23529800365EEF /* AppDelegate.swift */; };
		6B34ACB91D23529800365EEF /* ViewController.swift in Sources */ = {isa = PBXBuildFile; fileRef = 6B34ACB81D23529800365EEF /* ViewController.swift */; };
		6B34ACBC1D23529800365EEF /* Main.storyboard in Resources */ = {isa = PBXBuildFile; fileRef = 6B34ACBA1D23529800365EEF /* Main.storyboard */; };
		6B34ACBE1D23529800365EEF /* Assets.xcassets in Resources */ = {isa = PBXBuildFile; fileRef = 6B34ACBD1D23529800365EEF /* Assets.xcassets */; };
		6B34ACC11D23529800365EEF /* LaunchScreen.storyboard in Resources */ = {isa = PBXBuildFile; fileRef = 6B34ACBF1D23529800365EEF /* LaunchScreen.storyboard */; };
		6B57B3671DED2F35007BC1BC /* DetailViewController.swift in Sources */ = {isa = PBXBuildFile; fileRef = 6B57B3661DED2F35007BC1BC /* DetailViewController.swift */; };
/* End PBXBuildFile section */

/* Begin PBXFileReference section */
		6B1083AE1E08331B00E084DD /* Property.plist */ = {isa = PBXFileReference; fileEncoding = 4; lastKnownFileType = text.plist.xml; path = Property.plist; sourceTree = "<group>"; };
		6B34ACB31D23529800365EEF /* UITableView_Plist.app */ = {isa = PBXFileReference; explicitFileType = wrapper.application; includeInIndex = 0; path = UITableView_Plist.app; sourceTree = BUILT_PRODUCTS_DIR; };
		6B34ACB61D23529800365EEF /* AppDelegate.swift */ = {isa = PBXFileReference; lastKnownFileType = sourcecode.swift; path = AppDelegate.swift; sourceTree = "<group>"; };
		6B34ACB81D23529800365EEF /* ViewController.swift */ = {isa = PBXFileReference; lastKnownFileType = sourcecode.swift; path = ViewController.swift; sourceTree = "<group>"; };
		6B34ACBB1D23529800365EEF /* Base */ = {isa = PBXFileReference; lastKnownFileType = file.storyboard; name = Base; path = Base.lproj/Main.storyboard; sourceTree = "<group>"; };
		6B34ACBD1D23529800365EEF /* Assets.xcassets */ = {isa = PBXFileReference; lastKnownFileType = folder.assetcatalog; path = Assets.xcassets; sourceTree = "<group>"; };
		6B34ACC01D23529800365EEF /* Base */ = {isa = PBXFileReference; lastKnownFileType = file.storyboard; name = Base; path = Base.lproj/LaunchScreen.storyboard; sourceTree = "<group>"; };
		6B34ACC21D23529800365EEF /* Info.plist */ = {isa = PBXFileReference; lastKnownFileType = text.plist.xml; path = Info.plist; sourceTree = "<group>"; };
		6B57B3661DED2F35007BC1BC /* DetailViewController.swift */ = {isa = PBXFileReference; fileEncoding = 4; lastKnownFileType = sourcecode.swift; path = DetailViewController.swift; sourceTree = "<group>"; };
/* End PBXFileReference section */

/* Begin PBXFrameworksBuildPhase section */
		6B34ACB01D23529800365EEF /* Frameworks */ = {
			isa = PBXFrameworksBuildPhase;
			buildActionMask = 2147483647;
			files = (
			);
			runOnlyForDeploymentPostprocessing = 0;
		};
/* End PBXFrameworksBuildPhase section */

/* Begin PBXGroup section */
		6B34ACAA1D23529800365EEF = {
			isa = PBXGroup;
			children = (
				6B34ACB51D23529800365EEF /* UITableView_Plist */,
				6B34ACB41D23529800365EEF /* Products */,
			);
			sourceTree = "<group>";
		};
		6B34ACB41D23529800365EEF /* Products */ = {
			isa = PBXGroup;
			children = (
				6B34ACB31D23529800365EEF /* UITableView_Plist.app */,
			);
			name = Products;
			sourceTree = "<group>";
		};
		6B34ACB51D23529800365EEF /* UITableView_Plist */ = {
			isa = PBXGroup;
			children = (
				6B34ACB61D23529800365EEF /* AppDelegate.swift */,
				6B34ACB81D23529800365EEF /* ViewController.swift */,
				6B57B3661DED2F35007BC1BC /* DetailViewController.swift */,
				6B34ACBA1D23529800365EEF /* Main.storyboard */,
				6B34ACBD1D23529800365EEF /* Assets.xcassets */,
				6B34ACBF1D23529800365EEF /* LaunchScreen.storyboard */,
				6B34ACC21D23529800365EEF /* Info.plist */,
				6B1083AE1E08331B00E084DD /* Property.plist */,
			);
			path = UITableView_Plist;
			sourceTree = "<group>";
		};
/* End PBXGroup section */

/* Begin PBXNativeTarget section */
		6B34ACB21D23529800365EEF /* UITableView_Plist */ = {
			isa = PBXNativeTarget;
			buildConfigurationList = 6B34ACC51D23529800365EEF /* Build configuration list for PBXNativeTarget "UITableView_Plist" */;
			buildPhases = (
				6B34ACAF1D23529800365EEF /* Sources */,
				6B34ACB01D23529800365EEF /* Frameworks */,
				6B34ACB11D23529800365EEF /* Resources */,
			);
			buildRules = (
			);
			dependencies = (
			);
			name = UITableView_Plist;
			productName = UITableView_Plist;
			productReference = 6B34ACB31D23529800365EEF /* UITableView_Plist.app */;
			productType = "com.apple.product-type.application";
		};
/* End PBXNativeTarget section */

/* Begin PBXProject section */
		6B34ACAB1D23529800365EEF /* Project object */ = {
			isa = PBXProject;
			attributes = {
				LastSwiftUpdateCheck = 0730;
				LastUpgradeCheck = 0800;
				ORGANIZATIONNAME = LC;
				TargetAttributes = {
					6B34ACB21D23529800365EEF = {
						CreatedOnToolsVersion = 7.3.1;
						LastSwiftMigration = 0800;
					};
				};
			};
			buildConfigurationList = 6B34ACAE1D23529800365EEF /* Build configuration list for PBXProject "UITableView_Plist" */;
			compatibilityVersion = "Xcode 3.2";
			developmentRegion = English;
			hasScannedForEncodings = 0;
			knownRegions = (
				en,
				Base,
			);
			mainGroup = 6B34ACAA1D23529800365EEF;
			productRefGroup = 6B34ACB41D23529800365EEF /* Products */;
			projectDirPath = "";
			projectRoot = "";
			targets = (
				6B34ACB21D23529800365EEF /* UITableView_Plist */,
			);
		};
/* End PBXProject section */

/* Begin PBXResourcesBuildPhase section */
		6B34ACB11D23529800365EEF /* Resources */ = {
			isa = PBXResourcesBuildPhase;
			buildActionMask = 2147483647;
			files = (
				6B1083AF1E08331B00E084DD /* Property.plist in Resources */,
				6B34ACC11D23529800365EEF /* LaunchScreen.storyboard in Resources */,
				6B34ACBE1D23529800365EEF /* Assets.xcassets in Resources */,
				6B34ACBC1D23529800365EEF /* Main.storyboard in Resources */,
			);
			runOnlyForDeploymentPostprocessing = 0;
		};
/* End PBXResourcesBuildPhase section */

/* Begin PBXSourcesBuildPhase section */
		6B34ACAF1D23529800365EEF /* Sources */ = {
			isa = PBXSourcesBuildPhase;
			buildActionMask = 2147483647;
			files = (
				6B57B3671DED2F35007BC1BC /* DetailViewController.swift in Sources */,
				6B34ACB91D23529800365EEF /* ViewController.swift in Sources */,
				6B34ACB71D23529800365EEF /* AppDelegate.swift in Sources */,
			);
			runOnlyForDeploymentPostprocessing = 0;
		};
/* End PBXSourcesBuildPhase section */

/* Begin PBXVariantGroup section */
		6B34ACBA1D23529800365EEF /* Main.storyboard */ = {
			isa = PBXVariantGroup;
			children = (
				6B34ACBB1D23529800365EEF /* Base */,
			);
			name = Main.storyboard;
			sourceTree = "<group>";
		};
		6B34ACBF1D23529800365EEF /* LaunchScreen.storyboard */ = {
			isa = PBXVariantGroup;
			children = (
				6B34ACC01D23529800365EEF /* Base */,
			);
			name = LaunchScreen.storyboard;
			sourceTree = "<group>";
		};
/* End PBXVariantGroup section */

/* Begin XCBuildConfiguration section */
		6B34ACC31D23529800365EEF /* Debug */ = {
			isa = XCBuildConfiguration;
			buildSettings = {
				ALWAYS_SEARCH_USER_PATHS = NO;
				CLANG_ANALYZER_NONNULL = YES;
				CLANG_CXX_LANGUAGE_STANDARD = "gnu++0x";
				CLANG_CXX_LIBRARY = "libc++";
				CLANG_ENABLE_MODULES = YES;
				CLANG_ENABLE_OBJC_ARC = YES;
				CLANG_WARN_BOOL_CONVERSION = YES;
				CLANG_WARN_CONSTANT_CONVERSION = YES;
				CLANG_WARN_DIRECT_OBJC_ISA_USAGE = YES_ERROR;
				CLANG_WARN_EMPTY_BODY = YES;
				CLANG_WARN_ENUM_CONVERSION = YES;
				CLANG_WARN_INFINITE_RECURSION = YES;
				CLANG_WARN_INT_CONVERSION = YES;
				CLANG_WARN_OBJC_ROOT_CLASS = YES_ERROR;
				CLANG_WARN_SUSPICIOUS_MOVE = YES;
				CLANG_WARN_UNREACHABLE_CODE = YES;
				CLANG_WARN__DUPLICATE_METHOD_MATCH = YES;
				"CODE_SIGN_IDENTITY[sdk=iphoneos*]" = "iPhone Developer";
				COPY_PHASE_STRIP = NO;
				DEBUG_INFORMATION_FORMAT = dwarf;
				ENABLE_STRICT_OBJC_MSGSEND = YES;
				ENABLE_TESTABILITY = YES;
				GCC_C_LANGUAGE_STANDARD = gnu99;
				GCC_DYNAMIC_NO_PIC = NO;
				GCC_NO_COMMON_BLOCKS = YES;
				GCC_OPTIMIZATION_LEVEL = 0;
				GCC_PREPROCESSOR_DEFINITIONS = (
					"DEBUG=1",
					"$(inherited)",
				);
				GCC_WARN_64_TO_32_BIT_CONVERSION = YES;
				GCC_WARN_ABOUT_RETURN_TYPE = YES_ERROR;
				GCC_WARN_UNDECLARED_SELECTOR = YES;
				GCC_WARN_UNINITIALIZED_AUTOS = YES_AGGRESSIVE;
				GCC_WARN_UNUSED_FUNCTION = YES;
				GCC_WARN_UNUSED_VARIABLE = YES;
				IPHONEOS_DEPLOYMENT_TARGET = 9.3;
				MTL_ENABLE_DEBUG_INFO = YES;
				ONLY_ACTIVE_ARCH = YES;
				SDKROOT = iphoneos;
				SWIFT_OPTIMIZATION_LEVEL = "-Onone";
				TARGETED_DEVICE_FAMILY = "1,2";
			};
			name = Debug;
		};
		6B34ACC41D23529800365EEF /* Release */ = {
			isa = XCBuildConfiguration;
			buildSettings = {
				ALWAYS_SEARCH_USER_PATHS = NO;
				CLANG_ANALYZER_NONNULL = YES;
				CLANG_CXX_LANGUAGE_STANDARD = "gnu++0x";
				CLANG_CXX_LIBRARY = "libc++";
				CLANG_ENABLE_MODULES = YES;
				CLANG_ENABLE_OBJC_ARC = YES;
				CLANG_WARN_BOOL_CONVERSION = YES;
				CLANG_WARN_CONSTANT_CONVERSION = YES;
				CLANG_WARN_DIRECT_OBJC_ISA_USAGE = YES_ERROR;
				CLANG_WARN_EMPTY_BODY = YES;
				CLANG_WARN_ENUM_CONVERSION = YES;
				CLANG_WARN_INFINITE_RECURSION = YES;
				CLANG_WARN_INT_CONVERSION = YES;
				CLANG_WARN_OBJC_ROOT_CLASS = YES_ERROR;
				CLANG_WARN_SUSPICIOUS_MOVE = YES;
				CLANG_WARN_UNREACHABLE_CODE = YES;
				CLANG_WARN__DUPLICATE_METHOD_MATCH = YES;
				"CODE_SIGN_IDENTITY[sdk=iphoneos*]" = "iPhone Developer";
				COPY_PHASE_STRIP = NO;
				DEBUG_INFORMATION_FORMAT = "dwarf-with-dsym";
				ENABLE_NS_ASSERTIONS = NO;
				ENABLE_STRICT_OBJC_MSGSEND = YES;
				GCC_C_LANGUAGE_STANDARD = gnu99;
				GCC_NO_COMMON_BLOCKS = YES;
				GCC_WARN_64_TO_32_BIT_CONVERSION = YES;
				GCC_WARN_ABOUT_RETURN_TYPE = YES_ERROR;
				GCC_WARN_UNDECLARED_SELECTOR = YES;
				GCC_WARN_UNINITIALIZED_AUTOS = YES_AGGRESSIVE;
				GCC_WARN_UNUSED_FUNCTION = YES;
				GCC_WARN_UNUSED_VARIABLE = YES;
				IPHONEOS_DEPLOYMENT_TARGET = 9.3;
				MTL_ENABLE_DEBUG_INFO = NO;
				SDKROOT = iphoneos;
				SWIFT_OPTIMIZATION_LEVEL = "-Owholemodule";
				TARGETED_DEVICE_FAMILY = "1,2";
				VALIDATE_PRODUCT = YES;
			};
			name = Release;
		};
		6B34ACC61D23529800365EEF /* Debug */ = {
			isa = XCBuildConfiguration;
			buildSettings = {
				ASSETCATALOG_COMPILER_APPICON_NAME = AppIcon;
				CODE_SIGN_IDENTITY = "iPhone Developer";
				INFOPLIST_FILE = UITableView_Plist/Info.plist;
				LD_RUNPATH_SEARCH_PATHS = "$(inherited) @executable_path/Frameworks";
				PRODUCT_BUNDLE_IDENTIFIER = "com.LC.UITableView-Plist";
				PRODUCT_NAME = "$(TARGET_NAME)";
				SWIFT_VERSION = 3.0;
			};
			name = Debug;
		};
		6B34ACC71D23529800365EEF /* Release */ = {
			isa = XCBuildConfiguration;
			buildSettings = {
				ASSETCATALOG_COMPILER_APPICON_NAME = AppIcon;
				CODE_SIGN_IDENTITY = "iPhone Developer";
				INFOPLIST_FILE = UITableView_Plist/Info.plist;
				LD_RUNPATH_SEARCH_PATHS = "$(inherited) @executable_path/Frameworks";
				PRODUCT_BUNDLE_IDENTIFIER = "com.LC.UITableView-Plist";
				PRODUCT_NAME = "$(TARGET_NAME)";
				SWIFT_VERSION = 3.0;
			};
			name = Release;
		};
/* End XCBuildConfiguration section */

/* Begin XCConfigurationList section */
		6B34ACAE1D23529800365EEF /* Build configuration list for PBXProject "UITableView_Plist" */ = {
			isa = XCConfigurationList;
			buildConfigurations = (
				6B34ACC31D23529800365EEF /* Debug */,
				6B34ACC41D23529800365EEF /* Release */,
			);
			defaultConfigurationIsVisible = 0;
			defaultConfigurationName = Release;
		};
		6B34ACC51D23529800365EEF /* Build configuration list for PBXNativeTarget "UITableView_Plist" */ = {
			isa = XCConfigurationList;
			buildConfigurations = (
				6B34ACC61D23529800365EEF /* Debug */,
				6B34ACC71D23529800365EEF /* Release */,
			);
			defaultConfigurationIsVisible = 0;
			defaultConfigurationName = Release;
		};
/* End XCConfigurationList section */
	};
	rootObject = 6B34ACAB1D23529800365EEF /* Project object */;
}
