// !$*UTF8*$!
{
	archiveVersion = 1;
	classes = {
	};
	objectVersion = 46;
	objects = {

/* Begin PBXBuildFile section */
		6B76C0421CBFEE9F00F8D48E /* AppDelegate.swift in Sources */ = {isa = PBXBuildFile; fileRef = 6B76C0411CBFEE9F00F8D48E /* AppDelegate.swift */; };
		6B76C0441CBFEE9F00F8D48E /* ViewController.swift in Sources */ = {isa = PBXBuildFile; fileRef = 6B76C0431CBFEE9F00F8D48E /* ViewController.swift */; };
		6B76C0471CBFEE9F00F8D48E /* Main.storyboard in Resources */ = {isa = PBXBuildFile; fileRef = 6B76C0451CBFEE9F00F8D48E /* Main.storyboard */; };
		6B76C0491CBFEE9F00F8D48E /* Assets.xcassets in Resources */ = {isa = PBXBuildFile; fileRef = 6B76C0481CBFEE9F00F8D48E /* Assets.xcassets */; };
		6B76C04C1CBFEE9F00F8D48E /* LaunchScreen.storyboard in Resources */ = {isa = PBXBuildFile; fileRef = 6B76C04A1CBFEE9F00F8D48E /* LaunchScreen.storyboard */; };
		6B76C0541CBFF03300F8D48E /* LCAlert.swift in Sources */ = {isa = PBXBuildFile; fileRef = 6B76C0531CBFF03300F8D48E /* LCAlert.swift */; };
/* End PBXBuildFile section */

/* Begin PBXFileReference section */
		6B76C03E1CBFEE9F00F8D48E /* UIAlerViewAnimation.app */ = {isa = PBXFileReference; explicitFileType = wrapper.application; includeInIndex = 0; path = UIAlerViewAnimation.app; sourceTree = BUILT_PRODUCTS_DIR; };
		6B76C0411CBFEE9F00F8D48E /* AppDelegate.swift */ = {isa = PBXFileReference; lastKnownFileType = sourcecode.swift; path = AppDelegate.swift; sourceTree = "<group>"; };
		6B76C0431CBFEE9F00F8D48E /* ViewController.swift */ = {isa = PBXFileReference; lastKnownFileType = sourcecode.swift; path = ViewController.swift; sourceTree = "<group>"; };
		6B76C0461CBFEE9F00F8D48E /* Base */ = {isa = PBXFileReference; lastKnownFileType = file.storyboard; name = Base; path = Base.lproj/Main.storyboard; sourceTree = "<group>"; };
		6B76C0481CBFEE9F00F8D48E /* Assets.xcassets */ = {isa = PBXFileReference; lastKnownFileType = folder.assetcatalog; path = Assets.xcassets; sourceTree = "<group>"; };
		6B76C04B1CBFEE9F00F8D48E /* Base */ = {isa = PBXFileReference; lastKnownFileType = file.storyboard; name = Base; path = Base.lproj/LaunchScreen.storyboard; sourceTree = "<group>"; };
		6B76C04D1CBFEE9F00F8D48E /* Info.plist */ = {isa = PBXFileReference; lastKnownFileType = text.plist.xml; path = Info.plist; sourceTree = "<group>"; };
		6B76C0531CBFF03300F8D48E /* LCAlert.swift */ = {isa = PBXFileReference; fileEncoding = 4; lastKnownFileType = sourcecode.swift; path = LCAlert.swift; sourceTree = "<group>"; };
/* End PBXFileReference section */

/* Begin PBXFrameworksBuildPhase section */
		6B76C03B1CBFEE9F00F8D48E /* Frameworks */ = {
			isa = PBXFrameworksBuildPhase;
			buildActionMask = 2147483647;
			files = (
			);
			runOnlyForDeploymentPostprocessing = 0;
		};
/* End PBXFrameworksBuildPhase section */

/* Begin PBXGroup section */
		6B76C0351CBFEE9F00F8D48E = {
			isa = PBXGroup;
			children = (
				6B76C0401CBFEE9F00F8D48E /* UIAlerViewAnimation */,
				6B76C03F1CBFEE9F00F8D48E /* Products */,
			);
			sourceTree = "<group>";
		};
		6B76C03F1CBFEE9F00F8D48E /* Products */ = {
			isa = PBXGroup;
			children = (
				6B76C03E1CBFEE9F00F8D48E /* UIAlerViewAnimation.app */,
			);
			name = Products;
			sourceTree = "<group>";
		};
		6B76C0401CBFEE9F00F8D48E /* UIAlerViewAnimation */ = {
			isa = PBXGroup;
			children = (
				6B76C0411CBFEE9F00F8D48E /* AppDelegate.swift */,
				6B76C0431CBFEE9F00F8D48E /* ViewController.swift */,
				6B76C0531CBFF03300F8D48E /* LCAlert.swift */,
				6B76C0451CBFEE9F00F8D48E /* Main.storyboard */,
				6B76C0481CBFEE9F00F8D48E /* Assets.xcassets */,
				6B76C04A1CBFEE9F00F8D48E /* LaunchScreen.storyboard */,
				6B76C04D1CBFEE9F00F8D48E /* Info.plist */,
			);
			path = UIAlerViewAnimation;
			sourceTree = "<group>";
		};
/* End PBXGroup section */

/* Begin PBXNativeTarget section */
		6B76C03D1CBFEE9F00F8D48E /* UIAlerViewAnimation */ = {
			isa = PBXNativeTarget;
			buildConfigurationList = 6B76C0501CBFEE9F00F8D48E /* Build configuration list for PBXNativeTarget "UIAlerViewAnimation" */;
			buildPhases = (
				6B76C03A1CBFEE9F00F8D48E /* Sources */,
				6B76C03B1CBFEE9F00F8D48E /* Frameworks */,
				6B76C03C1CBFEE9F00F8D48E /* Resources */,
			);
			buildRules = (
			);
			dependencies = (
			);
			name = UIAlerViewAnimation;
			productName = UIAlerViewAnimation;
			productReference = 6B76C03E1CBFEE9F00F8D48E /* UIAlerViewAnimation.app */;
			productType = "com.apple.product-type.application";
		};
/* End PBXNativeTarget section */

/* Begin PBXProject section */
		6B76C0361CBFEE9F00F8D48E /* Project object */ = {
			isa = PBXProject;
			attributes = {
				LastSwiftUpdateCheck = 0730;
				LastUpgradeCheck = 0730;
				ORGANIZATIONNAME = LC;
				TargetAttributes = {
					6B76C03D1CBFEE9F00F8D48E = {
						CreatedOnToolsVersion = 7.3;
					};
				};
			};
			buildConfigurationList = 6B76C0391CBFEE9F00F8D48E /* Build configuration list for PBXProject "UIAlerViewAnimation" */;
			compatibilityVersion = "Xcode 3.2";
			developmentRegion = English;
			hasScannedForEncodings = 0;
			knownRegions = (
				en,
				Base,
			);
			mainGroup = 6B76C0351CBFEE9F00F8D48E;
			productRefGroup = 6B76C03F1CBFEE9F00F8D48E /* Products */;
			projectDirPath = "";
			projectRoot = "";
			targets = (
				6B76C03D1CBFEE9F00F8D48E /* UIAlerViewAnimation */,
			);
		};
/* End PBXProject section */

/* Begin PBXResourcesBuildPhase section */
		6B76C03C1CBFEE9F00F8D48E /* Resources */ = {
			isa = PBXResourcesBuildPhase;
			buildActionMask = 2147483647;
			files = (
				6B76C04C1CBFEE9F00F8D48E /* LaunchScreen.storyboard in Resources */,
				6B76C0491CBFEE9F00F8D48E /* Assets.xcassets in Resources */,
				6B76C0471CBFEE9F00F8D48E /* Main.storyboard in Resources */,
			);
			runOnlyForDeploymentPostprocessing = 0;
		};
/* End PBXResourcesBuildPhase section */

/* Begin PBXSourcesBuildPhase section */
		6B76C03A1CBFEE9F00F8D48E /* Sources */ = {
			isa = PBXSourcesBuildPhase;
			buildActionMask = 2147483647;
			files = (
				6B76C0441CBFEE9F00F8D48E /* ViewController.swift in Sources */,
				6B76C0541CBFF03300F8D48E /* LCAlert.swift in Sources */,
				6B76C0421CBFEE9F00F8D48E /* AppDelegate.swift in Sources */,
			);
			runOnlyForDeploymentPostprocessing = 0;
		};
/* End PBXSourcesBuildPhase section */

/* Begin PBXVariantGroup section */
		6B76C0451CBFEE9F00F8D48E /* Main.storyboard */ = {
			isa = PBXVariantGroup;
			children = (
				6B76C0461CBFEE9F00F8D48E /* Base */,
			);
			name = Main.storyboard;
			sourceTree = "<group>";
		};
		6B76C04A1CBFEE9F00F8D48E /* LaunchScreen.storyboard */ = {
			isa = PBXVariantGroup;
			children = (
				6B76C04B1CBFEE9F00F8D48E /* Base */,
			);
			name = LaunchScreen.storyboard;
			sourceTree = "<group>";
		};
/* End PBXVariantGroup section */

/* Begin XCBuildConfiguration section */
		6B76C04E1CBFEE9F00F8D48E /* Debug */ = {
			isa = XCBuildConfiguration;
			buildSettings = {
				ALWAYS_SEARCH_USER_PATHS = NO;
				CLANG_ANALYZER_NONNULL = YES;
				CLANG_CXX_LANGUAGE_STANDARD = "gnu++0x";
				CLANG_CXX_LIBRARY = "libc++";
				CLANG_ENABLE_MODULES = YES;
				CLANG_ENABLE_OBJC_ARC = YES;
				CLANG_WARN_BOOL_CONVERSION = YES;
				CLANG_WARN_CONSTANT_CONVERSION = YES;
				CLANG_WARN_DIRECT_OBJC_ISA_USAGE = YES_ERROR;
				CLANG_WARN_EMPTY_BODY = YES;
				CLANG_WARN_ENUM_CONVERSION = YES;
				CLANG_WARN_INT_CONVERSION = YES;
				CLANG_WARN_OBJC_ROOT_CLASS = YES_ERROR;
				CLANG_WARN_UNREACHABLE_CODE = YES;
				CLANG_WARN__DUPLICATE_METHOD_MATCH = YES;
				"CODE_SIGN_IDENTITY[sdk=iphoneos*]" = "iPhone Developer";
				COPY_PHASE_STRIP = NO;
				DEBUG_INFORMATION_FORMAT = dwarf;
				ENABLE_STRICT_OBJC_MSGSEND = YES;
				ENABLE_TESTABILITY = YES;
				GCC_C_LANGUAGE_STANDARD = gnu99;
				GCC_DYNAMIC_NO_PIC = NO;
				GCC_NO_COMMON_BLOCKS = YES;
				GCC_OPTIMIZATION_LEVEL = 0;
				GCC_PREPROCESSOR_DEFINITIONS = (
					"DEBUG=1",
					"$(inherited)",
				);
				GCC_WARN_64_TO_32_BIT_CONVERSION = YES;
				GCC_WARN_ABOUT_RETURN_TYPE = YES_ERROR;
				GCC_WARN_UNDECLARED_SELECTOR = YES;
				GCC_WARN_UNINITIALIZED_AUTOS = YES_AGGRESSIVE;
				GCC_WARN_UNUSED_FUNCTION = YES;
				GCC_WARN_UNUSED_VARIABLE = YES;
				IPHONEOS_DEPLOYMENT_TARGET = 9.3;
				MTL_ENABLE_DEBUG_INFO = YES;
				ONLY_ACTIVE_ARCH = YES;
				SDKROOT = iphoneos;
				SWIFT_OPTIMIZATION_LEVEL = "-Onone";
				TARGETED_DEVICE_FAMILY = 2;
			};
			name = Debug;
		};
		6B76C04F1CBFEE9F00F8D48E /* Release */ = {
			isa = XCBuildConfiguration;
			buildSettings = {
				ALWAYS_SEARCH_USER_PATHS = NO;
				CLANG_ANALYZER_NONNULL = YES;
				CLANG_CXX_LANGUAGE_STANDARD = "gnu++0x";
				CLANG_CXX_LIBRARY = "libc++";
				CLANG_ENABLE_MODULES = YES;
				CLANG_ENABLE_OBJC_ARC = YES;
				CLANG_WARN_BOOL_CONVERSION = YES;
				CLANG_WARN_CONSTANT_CONVERSION = YES;
				CLANG_WARN_DIRECT_OBJC_ISA_USAGE = YES_ERROR;
				CLANG_WARN_EMPTY_BODY = YES;
				CLANG_WARN_ENUM_CONVERSION = YES;
				CLANG_WARN_INT_CONVERSION = YES;
				CLANG_WARN_OBJC_ROOT_CLASS = YES_ERROR;
				CLANG_WARN_UNREACHABLE_CODE = YES;
				CLANG_WARN__DUPLICATE_METHOD_MATCH = YES;
				"CODE_SIGN_IDENTITY[sdk=iphoneos*]" = "iPhone Developer";
				COPY_PHASE_STRIP = NO;
				DEBUG_INFORMATION_FORMAT = "dwarf-with-dsym";
				ENABLE_NS_ASSERTIONS = NO;
				ENABLE_STRICT_OBJC_MSGSEND = YES;
				GCC_C_LANGUAGE_STANDARD = gnu99;
				GCC_NO_COMMON_BLOCKS = YES;
				GCC_WARN_64_TO_32_BIT_CONVERSION = YES;
				GCC_WARN_ABOUT_RETURN_TYPE = YES_ERROR;
				GCC_WARN_UNDECLARED_SELECTOR = YES;
				GCC_WARN_UNINITIALIZED_AUTOS = YES_AGGRESSIVE;
				GCC_WARN_UNUSED_FUNCTION = YES;
				GCC_WARN_UNUSED_VARIABLE = YES;
				IPHONEOS_DEPLOYMENT_TARGET = 9.3;
				MTL_ENABLE_DEBUG_INFO = NO;
				SDKROOT = iphoneos;
				TARGETED_DEVICE_FAMILY = 2;
				VALIDATE_PRODUCT = YES;
			};
			name = Release;
		};
		6B76C0511CBFEE9F00F8D48E /* Debug */ = {
			isa = XCBuildConfiguration;
			buildSettings = {
				ASSETCATALOG_COMPILER_APPICON_NAME = AppIcon;
				CODE_SIGN_IDENTITY = "iPhone Developer";
				INFOPLIST_FILE = UIAlerViewAnimation/Info.plist;
				LD_RUNPATH_SEARCH_PATHS = "$(inherited) @executable_path/Frameworks";
				PRODUCT_BUNDLE_IDENTIFIER = com.LC.UIAlerViewAnimation;
				PRODUCT_NAME = "$(TARGET_NAME)";
				TARGETED_DEVICE_FAMILY = 1;
			};
			name = Debug;
		};
		6B76C0521CBFEE9F00F8D48E /* Release */ = {
			isa = XCBuildConfiguration;
			buildSettings = {
				ASSETCATALOG_COMPILER_APPICON_NAME = AppIcon;
				CODE_SIGN_IDENTITY = "iPhone Developer";
				INFOPLIST_FILE = UIAlerViewAnimation/Info.plist;
				LD_RUNPATH_SEARCH_PATHS = "$(inherited) @executable_path/Frameworks";
				PRODUCT_BUNDLE_IDENTIFIER = com.LC.UIAlerViewAnimation;
				PRODUCT_NAME = "$(TARGET_NAME)";
				TARGETED_DEVICE_FAMILY = 1;
			};
			name = Release;
		};
/* End XCBuildConfiguration section */

/* Begin XCConfigurationList section */
		6B76C0391CBFEE9F00F8D48E /* Build configuration list for PBXProject "UIAlerViewAnimation" */ = {
			isa = XCConfigurationList;
			buildConfigurations = (
				6B76C04E1CBFEE9F00F8D48E /* Debug */,
				6B76C04F1CBFEE9F00F8D48E /* Release */,
			);
			defaultConfigurationIsVisible = 0;
			defaultConfigurationName = Release;
		};
		6B76C0501CBFEE9F00F8D48E /* Build configuration list for PBXNativeTarget "UIAlerViewAnimation" */ = {
			isa = XCConfigurationList;
			buildConfigurations = (
				6B76C0511CBFEE9F00F8D48E /* Debug */,
				6B76C0521CBFEE9F00F8D48E /* Release */,
			);
			defaultConfigurationIsVisible = 0;
			defaultConfigurationName = Release;
		};
/* End XCConfigurationList section */
	};
	rootObject = 6B76C0361CBFEE9F00F8D48E /* Project object */;
}
