// !$*UTF8*$!
{
	archiveVersion = 1;
	classes = {
	};
	objectVersion = 46;
	objects = {

/* Begin PBXBuildFile section */
		6B3512EB1B5D22B500B51CC0 /* AppDelegate.swift in Sources */ = {isa = PBXBuildFile; fileRef = 6B3512EA1B5D22B500B51CC0 /* AppDelegate.swift */; };
		6B3512ED1B5D22B500B51CC0 /* ViewController.swift in Sources */ = {isa = PBXBuildFile; fileRef = 6B3512EC1B5D22B500B51CC0 /* ViewController.swift */; };
		6B3512F01B5D22B500B51CC0 /* Main.storyboard in Resources */ = {isa = PBXBuildFile; fileRef = 6B3512EE1B5D22B500B51CC0 /* Main.storyboard */; };
		6B3512F21B5D22B500B51CC0 /* Assets.xcassets in Resources */ = {isa = PBXBuildFile; fileRef = 6B3512F11B5D22B500B51CC0 /* Assets.xcassets */; };
		6B3512F51B5D22B500B51CC0 /* LaunchScreen.storyboard in Resources */ = {isa = PBXBuildFile; fileRef = 6B3512F31B5D22B500B51CC0 /* LaunchScreen.storyboard */; };
/* End PBXBuildFile section */

/* Begin PBXFileReference section */
		6B3512E71B5D22B500B51CC0 /* UISegmentedControl.app */ = {isa = PBXFileReference; explicitFileType = wrapper.application; includeInIndex = 0; path = UISegmentedControl.app; sourceTree = BUILT_PRODUCTS_DIR; };
		6B3512EA1B5D22B500B51CC0 /* AppDelegate.swift */ = {isa = PBXFileReference; lastKnownFileType = sourcecode.swift; path = AppDelegate.swift; sourceTree = "<group>"; };
		6B3512EC1B5D22B500B51CC0 /* ViewController.swift */ = {isa = PBXFileReference; lastKnownFileType = sourcecode.swift; path = ViewController.swift; sourceTree = "<group>"; };
		6B3512EF1B5D22B500B51CC0 /* Base */ = {isa = PBXFileReference; lastKnownFileType = file.storyboard; name = Base; path = Base.lproj/Main.storyboard; sourceTree = "<group>"; };
		6B3512F11B5D22B500B51CC0 /* Assets.xcassets */ = {isa = PBXFileReference; lastKnownFileType = folder.assetcatalog; path = Assets.xcassets; sourceTree = "<group>"; };
		6B3512F41B5D22B500B51CC0 /* Base */ = {isa = PBXFileReference; lastKnownFileType = file.storyboard; name = Base; path = Base.lproj/LaunchScreen.storyboard; sourceTree = "<group>"; };
		6B3512F61B5D22B500B51CC0 /* Info.plist */ = {isa = PBXFileReference; lastKnownFileType = text.plist.xml; path = Info.plist; sourceTree = "<group>"; };
/* End PBXFileReference section */

/* Begin PBXFrameworksBuildPhase section */
		6B3512E41B5D22B500B51CC0 /* Frameworks */ = {
			isa = PBXFrameworksBuildPhase;
			buildActionMask = 2147483647;
			files = (
			);
			runOnlyForDeploymentPostprocessing = 0;
		};
/* End PBXFrameworksBuildPhase section */

/* Begin PBXGroup section */
		6B3512DE1B5D22B500B51CC0 = {
			isa = PBXGroup;
			children = (
				6B3512E91B5D22B500B51CC0 /* UISegmentedControl */,
				6B3512E81B5D22B500B51CC0 /* Products */,
			);
			sourceTree = "<group>";
		};
		6B3512E81B5D22B500B51CC0 /* Products */ = {
			isa = PBXGroup;
			children = (
				6B3512E71B5D22B500B51CC0 /* UISegmentedControl.app */,
			);
			name = Products;
			sourceTree = "<group>";
		};
		6B3512E91B5D22B500B51CC0 /* UISegmentedControl */ = {
			isa = PBXGroup;
			children = (
				6B3512EA1B5D22B500B51CC0 /* AppDelegate.swift */,
				6B3512EC1B5D22B500B51CC0 /* ViewController.swift */,
				6B3512EE1B5D22B500B51CC0 /* Main.storyboard */,
				6B3512F11B5D22B500B51CC0 /* Assets.xcassets */,
				6B3512F31B5D22B500B51CC0 /* LaunchScreen.storyboard */,
				6B3512F61B5D22B500B51CC0 /* Info.plist */,
			);
			path = UISegmentedControl;
			sourceTree = "<group>";
		};
/* End PBXGroup section */

/* Begin PBXNativeTarget section */
		6B3512E61B5D22B500B51CC0 /* UISegmentedControl */ = {
			isa = PBXNativeTarget;
			buildConfigurationList = 6B3512F91B5D22B500B51CC0 /* Build configuration list for PBXNativeTarget "UISegmentedControl" */;
			buildPhases = (
				6B3512E31B5D22B500B51CC0 /* Sources */,
				6B3512E41B5D22B500B51CC0 /* Frameworks */,
				6B3512E51B5D22B500B51CC0 /* Resources */,
			);
			buildRules = (
			);
			dependencies = (
			);
			name = UISegmentedControl;
			productName = UISegmentedControl;
			productReference = 6B3512E71B5D22B500B51CC0 /* UISegmentedControl.app */;
			productType = "com.apple.product-type.application";
		};
/* End PBXNativeTarget section */

/* Begin PBXProject section */
		6B3512DF1B5D22B500B51CC0 /* Project object */ = {
			isa = PBXProject;
			attributes = {
				LastSwiftUpdateCheck = 0700;
				LastUpgradeCheck = 0700;
				ORGANIZATIONNAME = LC;
				TargetAttributes = {
					6B3512E61B5D22B500B51CC0 = {
						CreatedOnToolsVersion = 7.0;
					};
				};
			};
			buildConfigurationList = 6B3512E21B5D22B500B51CC0 /* Build configuration list for PBXProject "UISegmentedControl" */;
			compatibilityVersion = "Xcode 3.2";
			developmentRegion = English;
			hasScannedForEncodings = 0;
			knownRegions = (
				en,
				Base,
			);
			mainGroup = 6B3512DE1B5D22B500B51CC0;
			productRefGroup = 6B3512E81B5D22B500B51CC0 /* Products */;
			projectDirPath = "";
			projectRoot = "";
			targets = (
				6B3512E61B5D22B500B51CC0 /* UISegmentedControl */,
			);
		};
/* End PBXProject section */

/* Begin PBXResourcesBuildPhase section */
		6B3512E51B5D22B500B51CC0 /* Resources */ = {
			isa = PBXResourcesBuildPhase;
			buildActionMask = 2147483647;
			files = (
				6B3512F51B5D22B500B51CC0 /* LaunchScreen.storyboard in Resources */,
				6B3512F21B5D22B500B51CC0 /* Assets.xcassets in Resources */,
				6B3512F01B5D22B500B51CC0 /* Main.storyboard in Resources */,
			);
			runOnlyForDeploymentPostprocessing = 0;
		};
/* End PBXResourcesBuildPhase section */

/* Begin PBXSourcesBuildPhase section */
		6B3512E31B5D22B500B51CC0 /* Sources */ = {
			isa = PBXSourcesBuildPhase;
			buildActionMask = 2147483647;
			files = (
				6B3512ED1B5D22B500B51CC0 /* ViewController.swift in Sources */,
				6B3512EB1B5D22B500B51CC0 /* AppDelegate.swift in Sources */,
			);
			runOnlyForDeploymentPostprocessing = 0;
		};
/* End PBXSourcesBuildPhase section */

/* Begin PBXVariantGroup section */
		6B3512EE1B5D22B500B51CC0 /* Main.storyboard */ = {
			isa = PBXVariantGroup;
			children = (
				6B3512EF1B5D22B500B51CC0 /* Base */,
			);
			name = Main.storyboard;
			sourceTree = "<group>";
		};
		6B3512F31B5D22B500B51CC0 /* LaunchScreen.storyboard */ = {
			isa = PBXVariantGroup;
			children = (
				6B3512F41B5D22B500B51CC0 /* Base */,
			);
			name = LaunchScreen.storyboard;
			sourceTree = "<group>";
		};
/* End PBXVariantGroup section */

/* Begin XCBuildConfiguration section */
		6B3512F71B5D22B500B51CC0 /* Debug */ = {
			isa = XCBuildConfiguration;
			buildSettings = {
				ALWAYS_SEARCH_USER_PATHS = NO;
				CLANG_CXX_LANGUAGE_STANDARD = "gnu++0x";
				CLANG_CXX_LIBRARY = "libc++";
				CLANG_ENABLE_MODULES = YES;
				CLANG_ENABLE_OBJC_ARC = YES;
				CLANG_WARN_BOOL_CONVERSION = YES;
				CLANG_WARN_CONSTANT_CONVERSION = YES;
				CLANG_WARN_DIRECT_OBJC_ISA_USAGE = YES_ERROR;
				CLANG_WARN_EMPTY_BODY = YES;
				CLANG_WARN_ENUM_CONVERSION = YES;
				CLANG_WARN_INT_CONVERSION = YES;
				CLANG_WARN_OBJC_ROOT_CLASS = YES_ERROR;
				CLANG_WARN_UNREACHABLE_CODE = YES;
				CLANG_WARN__DUPLICATE_METHOD_MATCH = YES;
				"CODE_SIGN_IDENTITY[sdk=iphoneos*]" = "iPhone Developer";
				COPY_PHASE_STRIP = NO;
				DEBUG_INFORMATION_FORMAT = dwarf;
				ENABLE_STRICT_OBJC_MSGSEND = YES;
				ENABLE_TESTABILITY = YES;
				GCC_C_LANGUAGE_STANDARD = gnu99;
				GCC_DYNAMIC_NO_PIC = NO;
				GCC_NO_COMMON_BLOCKS = YES;
				GCC_OPTIMIZATION_LEVEL = 0;
				GCC_PREPROCESSOR_DEFINITIONS = (
					"DEBUG=1",
					"$(inherited)",
				);
				GCC_WARN_64_TO_32_BIT_CONVERSION = YES;
				GCC_WARN_ABOUT_RETURN_TYPE = YES_ERROR;
				GCC_WARN_UNDECLARED_SELECTOR = YES;
				GCC_WARN_UNINITIALIZED_AUTOS = YES_AGGRESSIVE;
				GCC_WARN_UNUSED_FUNCTION = YES;
				GCC_WARN_UNUSED_VARIABLE = YES;
				IPHONEOS_DEPLOYMENT_TARGET = 9.0;
				MTL_ENABLE_DEBUG_INFO = YES;
				ONLY_ACTIVE_ARCH = YES;
				SDKROOT = iphoneos;
				SWIFT_OPTIMIZATION_LEVEL = "-Onone";
			};
			name = Debug;
		};
		6B3512F81B5D22B500B51CC0 /* Release */ = {
			isa = XCBuildConfiguration;
			buildSettings = {
				ALWAYS_SEARCH_USER_PATHS = NO;
				CLANG_CXX_LANGUAGE_STANDARD = "gnu++0x";
				CLANG_CXX_LIBRARY = "libc++";
				CLANG_ENABLE_MODULES = YES;
				CLANG_ENABLE_OBJC_ARC = YES;
				CLANG_WARN_BOOL_CONVERSION = YES;
				CLANG_WARN_CONSTANT_CONVERSION = YES;
				CLANG_WARN_DIRECT_OBJC_ISA_USAGE = YES_ERROR;
				CLANG_WARN_EMPTY_BODY = YES;
				CLANG_WARN_ENUM_CONVERSION = YES;
				CLANG_WARN_INT_CONVERSION = YES;
				CLANG_WARN_OBJC_ROOT_CLASS = YES_ERROR;
				CLANG_WARN_UNREACHABLE_CODE = YES;
				CLANG_WARN__DUPLICATE_METHOD_MATCH = YES;
				"CODE_SIGN_IDENTITY[sdk=iphoneos*]" = "iPhone Developer";
				COPY_PHASE_STRIP = NO;
				DEBUG_INFORMATION_FORMAT = "dwarf-with-dsym";
				ENABLE_NS_ASSERTIONS = NO;
				ENABLE_STRICT_OBJC_MSGSEND = YES;
				GCC_C_LANGUAGE_STANDARD = gnu99;
				GCC_NO_COMMON_BLOCKS = YES;
				GCC_WARN_64_TO_32_BIT_CONVERSION = YES;
				GCC_WARN_ABOUT_RETURN_TYPE = YES_ERROR;
				GCC_WARN_UNDECLARED_SELECTOR = YES;
				GCC_WARN_UNINITIALIZED_AUTOS = YES_AGGRESSIVE;
				GCC_WARN_UNUSED_FUNCTION = YES;
				GCC_WARN_UNUSED_VARIABLE = YES;
				IPHONEOS_DEPLOYMENT_TARGET = 9.0;
				MTL_ENABLE_DEBUG_INFO = NO;
				SDKROOT = iphoneos;
				VALIDATE_PRODUCT = YES;
			};
			name = Release;
		};
		6B3512FA1B5D22B500B51CC0 /* Debug */ = {
			isa = XCBuildConfiguration;
			buildSettings = {
				ASSETCATALOG_COMPILER_APPICON_NAME = AppIcon;
				INFOPLIST_FILE = UISegmentedControl/Info.plist;
				LD_RUNPATH_SEARCH_PATHS = "$(inherited) @executable_path/Frameworks";
				PRODUCT_BUNDLE_IDENTIFIER = com.LC.UISegmentedControl;
				PRODUCT_NAME = "$(TARGET_NAME)";
			};
			name = Debug;
		};
		6B3512FB1B5D22B500B51CC0 /* Release */ = {
			isa = XCBuildConfiguration;
			buildSettings = {
				ASSETCATALOG_COMPILER_APPICON_NAME = AppIcon;
				INFOPLIST_FILE = UISegmentedControl/Info.plist;
				LD_RUNPATH_SEARCH_PATHS = "$(inherited) @executable_path/Frameworks";
				PRODUCT_BUNDLE_IDENTIFIER = com.LC.UISegmentedControl;
				PRODUCT_NAME = "$(TARGET_NAME)";
			};
			name = Release;
		};
/* End XCBuildConfiguration section */

/* Begin XCConfigurationList section */
		6B3512E21B5D22B500B51CC0 /* Build configuration list for PBXProject "UISegmentedControl" */ = {
			isa = XCConfigurationList;
			buildConfigurations = (
				6B3512F71B5D22B500B51CC0 /* Debug */,
				6B3512F81B5D22B500B51CC0 /* Release */,
			);
			defaultConfigurationIsVisible = 0;
			defaultConfigurationName = Release;
		};
		6B3512F91B5D22B500B51CC0 /* Build configuration list for PBXNativeTarget "UISegmentedControl" */ = {
			isa = XCConfigurationList;
			buildConfigurations = (
				6B3512FA1B5D22B500B51CC0 /* Debug */,
				6B3512FB1B5D22B500B51CC0 /* Release */,
			);
			defaultConfigurationIsVisible = 0;
			defaultConfigurationName = Release;
		};
/* End XCConfigurationList section */
	};
	rootObject = 6B3512DF1B5D22B500B51CC0 /* Project object */;
}
