// !$*UTF8*$!
{
	archiveVersion = 1;
	classes = {
	};
	objectVersion = 46;
	objects = {

/* Begin PBXBuildFile section */
		6B2823B61D369E15006AA318 /* 1.jpg in Resources */ = {isa = PBXBuildFile; fileRef = 6B2823B21D369E15006AA318 /* 1.jpg */; };
		6B2823B71D369E15006AA318 /* 2.jpg in Resources */ = {isa = PBXBuildFile; fileRef = 6B2823B31D369E15006AA318 /* 2.jpg */; };
		6B2823B81D369E15006AA318 /* 3.jpg in Resources */ = {isa = PBXBuildFile; fileRef = 6B2823B41D369E15006AA318 /* 3.jpg */; };
		6B2823B91D369E15006AA318 /* 4.jpg in Resources */ = {isa = PBXBuildFile; fileRef = 6B2823B51D369E15006AA318 /* 4.jpg */; };
		6B36E1261D09DE6300F7C758 /* AppDelegate.swift in Sources */ = {isa = PBXBuildFile; fileRef = 6B36E1251D09DE6300F7C758 /* AppDelegate.swift */; };
		6B36E1281D09DE6300F7C758 /* ViewController.swift in Sources */ = {isa = PBXBuildFile; fileRef = 6B36E1271D09DE6300F7C758 /* ViewController.swift */; };
		6B36E12B1D09DE6300F7C758 /* Main.storyboard in Resources */ = {isa = PBXBuildFile; fileRef = 6B36E1291D09DE6300F7C758 /* Main.storyboard */; };
		6B36E12D1D09DE6300F7C758 /* Assets.xcassets in Resources */ = {isa = PBXBuildFile; fileRef = 6B36E12C1D09DE6300F7C758 /* Assets.xcassets */; };
		6B36E1301D09DE6300F7C758 /* LaunchScreen.storyboard in Resources */ = {isa = PBXBuildFile; fileRef = 6B36E12E1D09DE6300F7C758 /* LaunchScreen.storyboard */; };
		6BF517CC1D85311A00142B1F /* secondViewController.swift in Sources */ = {isa = PBXBuildFile; fileRef = 6BF517CB1D85311A00142B1F /* secondViewController.swift */; };
/* End PBXBuildFile section */

/* Begin PBXFileReference section */
		6B2823B21D369E15006AA318 /* 1.jpg */ = {isa = PBXFileReference; lastKnownFileType = image.jpeg; path = 1.jpg; sourceTree = "<group>"; };
		6B2823B31D369E15006AA318 /* 2.jpg */ = {isa = PBXFileReference; lastKnownFileType = image.jpeg; path = 2.jpg; sourceTree = "<group>"; };
		6B2823B41D369E15006AA318 /* 3.jpg */ = {isa = PBXFileReference; lastKnownFileType = image.jpeg; path = 3.jpg; sourceTree = "<group>"; };
		6B2823B51D369E15006AA318 /* 4.jpg */ = {isa = PBXFileReference; lastKnownFileType = image.jpeg; path = 4.jpg; sourceTree = "<group>"; };
		6B36E1221D09DE6300F7C758 /* UIScrollViewDemo3.app */ = {isa = PBXFileReference; explicitFileType = wrapper.application; includeInIndex = 0; path = UIScrollViewDemo3.app; sourceTree = BUILT_PRODUCTS_DIR; };
		6B36E1251D09DE6300F7C758 /* AppDelegate.swift */ = {isa = PBXFileReference; lastKnownFileType = sourcecode.swift; path = AppDelegate.swift; sourceTree = "<group>"; };
		6B36E1271D09DE6300F7C758 /* ViewController.swift */ = {isa = PBXFileReference; lastKnownFileType = sourcecode.swift; path = ViewController.swift; sourceTree = "<group>"; };
		6B36E12A1D09DE6300F7C758 /* Base */ = {isa = PBXFileReference; lastKnownFileType = file.storyboard; name = Base; path = Base.lproj/Main.storyboard; sourceTree = "<group>"; };
		6B36E12C1D09DE6300F7C758 /* Assets.xcassets */ = {isa = PBXFileReference; lastKnownFileType = folder.assetcatalog; path = Assets.xcassets; sourceTree = "<group>"; };
		6B36E12F1D09DE6300F7C758 /* Base */ = {isa = PBXFileReference; lastKnownFileType = file.storyboard; name = Base; path = Base.lproj/LaunchScreen.storyboard; sourceTree = "<group>"; };
		6B36E1311D09DE6300F7C758 /* Info.plist */ = {isa = PBXFileReference; lastKnownFileType = text.plist.xml; path = Info.plist; sourceTree = "<group>"; };
		6BF517CB1D85311A00142B1F /* secondViewController.swift */ = {isa = PBXFileReference; fileEncoding = 4; lastKnownFileType = sourcecode.swift; path = secondViewController.swift; sourceTree = "<group>"; };
/* End PBXFileReference section */

/* Begin PBXFrameworksBuildPhase section */
		6B36E11F1D09DE6300F7C758 /* Frameworks */ = {
			isa = PBXFrameworksBuildPhase;
			buildActionMask = 2147483647;
			files = (
			);
			runOnlyForDeploymentPostprocessing = 0;
		};
/* End PBXFrameworksBuildPhase section */

/* Begin PBXGroup section */
		6B36E1191D09DE6300F7C758 = {
			isa = PBXGroup;
			children = (
				6B36E1241D09DE6300F7C758 /* UIScrollViewDemo3 */,
				6B36E1231D09DE6300F7C758 /* Products */,
			);
			sourceTree = "<group>";
		};
		6B36E1231D09DE6300F7C758 /* Products */ = {
			isa = PBXGroup;
			children = (
				6B36E1221D09DE6300F7C758 /* UIScrollViewDemo3.app */,
			);
			name = Products;
			sourceTree = "<group>";
		};
		6B36E1241D09DE6300F7C758 /* UIScrollViewDemo3 */ = {
			isa = PBXGroup;
			children = (
				6B36E1431D09E6EF00F7C758 /* mm */,
				6B36E1251D09DE6300F7C758 /* AppDelegate.swift */,
				6B36E1271D09DE6300F7C758 /* ViewController.swift */,
				6B36E1291D09DE6300F7C758 /* Main.storyboard */,
				6BF517CB1D85311A00142B1F /* secondViewController.swift */,
				6B36E12C1D09DE6300F7C758 /* Assets.xcassets */,
				6B36E12E1D09DE6300F7C758 /* LaunchScreen.storyboard */,
				6B36E1311D09DE6300F7C758 /* Info.plist */,
			);
			path = UIScrollViewDemo3;
			sourceTree = "<group>";
		};
		6B36E1431D09E6EF00F7C758 /* mm */ = {
			isa = PBXGroup;
			children = (
				6B2823B21D369E15006AA318 /* 1.jpg */,
				6B2823B31D369E15006AA318 /* 2.jpg */,
				6B2823B41D369E15006AA318 /* 3.jpg */,
				6B2823B51D369E15006AA318 /* 4.jpg */,
			);
			name = mm;
			sourceTree = "<group>";
		};
/* End PBXGroup section */

/* Begin PBXNativeTarget section */
		6B36E1211D09DE6300F7C758 /* UIScrollViewDemo3 */ = {
			isa = PBXNativeTarget;
			buildConfigurationList = 6B36E1341D09DE6300F7C758 /* Build configuration list for PBXNativeTarget "UIScrollViewDemo3" */;
			buildPhases = (
				6B36E11E1D09DE6300F7C758 /* Sources */,
				6B36E11F1D09DE6300F7C758 /* Frameworks */,
				6B36E1201D09DE6300F7C758 /* Resources */,
			);
			buildRules = (
			);
			dependencies = (
			);
			name = UIScrollViewDemo3;
			productName = UIScrollViewDemo3;
			productReference = 6B36E1221D09DE6300F7C758 /* UIScrollViewDemo3.app */;
			productType = "com.apple.product-type.application";
		};
/* End PBXNativeTarget section */

/* Begin PBXProject section */
		6B36E11A1D09DE6300F7C758 /* Project object */ = {
			isa = PBXProject;
			attributes = {
				LastSwiftUpdateCheck = 0730;
				LastUpgradeCheck = 0800;
				ORGANIZATIONNAME = LC;
				TargetAttributes = {
					6B36E1211D09DE6300F7C758 = {
						CreatedOnToolsVersion = 7.3.1;
						LastSwiftMigration = 0800;
					};
				};
			};
			buildConfigurationList = 6B36E11D1D09DE6300F7C758 /* Build configuration list for PBXProject "UIScrollViewDemo3" */;
			compatibilityVersion = "Xcode 3.2";
			developmentRegion = English;
			hasScannedForEncodings = 0;
			knownRegions = (
				en,
				Base,
			);
			mainGroup = 6B36E1191D09DE6300F7C758;
			productRefGroup = 6B36E1231D09DE6300F7C758 /* Products */;
			projectDirPath = "";
			projectRoot = "";
			targets = (
				6B36E1211D09DE6300F7C758 /* UIScrollViewDemo3 */,
			);
		};
/* End PBXProject section */

/* Begin PBXResourcesBuildPhase section */
		6B36E1201D09DE6300F7C758 /* Resources */ = {
			isa = PBXResourcesBuildPhase;
			buildActionMask = 2147483647;
			files = (
				6B36E1301D09DE6300F7C758 /* LaunchScreen.storyboard in Resources */,
				6B2823B91D369E15006AA318 /* 4.jpg in Resources */,
				6B2823B61D369E15006AA318 /* 1.jpg in Resources */,
				6B2823B71D369E15006AA318 /* 2.jpg in Resources */,
				6B2823B81D369E15006AA318 /* 3.jpg in Resources */,
				6B36E12D1D09DE6300F7C758 /* Assets.xcassets in Resources */,
				6B36E12B1D09DE6300F7C758 /* Main.storyboard in Resources */,
			);
			runOnlyForDeploymentPostprocessing = 0;
		};
/* End PBXResourcesBuildPhase section */

/* Begin PBXSourcesBuildPhase section */
		6B36E11E1D09DE6300F7C758 /* Sources */ = {
			isa = PBXSourcesBuildPhase;
			buildActionMask = 2147483647;
			files = (
				6B36E1281D09DE6300F7C758 /* ViewController.swift in Sources */,
				6BF517CC1D85311A00142B1F /* secondViewController.swift in Sources */,
				6B36E1261D09DE6300F7C758 /* AppDelegate.swift in Sources */,
			);
			runOnlyForDeploymentPostprocessing = 0;
		};
/* End PBXSourcesBuildPhase section */

/* Begin PBXVariantGroup section */
		6B36E1291D09DE6300F7C758 /* Main.storyboard */ = {
			isa = PBXVariantGroup;
			children = (
				6B36E12A1D09DE6300F7C758 /* Base */,
			);
			name = Main.storyboard;
			sourceTree = "<group>";
		};
		6B36E12E1D09DE6300F7C758 /* LaunchScreen.storyboard */ = {
			isa = PBXVariantGroup;
			children = (
				6B36E12F1D09DE6300F7C758 /* Base */,
			);
			name = LaunchScreen.storyboard;
			sourceTree = "<group>";
		};
/* End PBXVariantGroup section */

/* Begin XCBuildConfiguration section */
		6B36E1321D09DE6300F7C758 /* Debug */ = {
			isa = XCBuildConfiguration;
			buildSettings = {
				ALWAYS_SEARCH_USER_PATHS = NO;
				CLANG_ANALYZER_NONNULL = YES;
				CLANG_CXX_LANGUAGE_STANDARD = "gnu++0x";
				CLANG_CXX_LIBRARY = "libc++";
				CLANG_ENABLE_MODULES = YES;
				CLANG_ENABLE_OBJC_ARC = YES;
				CLANG_WARN_BOOL_CONVERSION = YES;
				CLANG_WARN_CONSTANT_CONVERSION = YES;
				CLANG_WARN_DIRECT_OBJC_ISA_USAGE = YES_ERROR;
				CLANG_WARN_EMPTY_BODY = YES;
				CLANG_WARN_ENUM_CONVERSION = YES;
				CLANG_WARN_INFINITE_RECURSION = YES;
				CLANG_WARN_INT_CONVERSION = YES;
				CLANG_WARN_OBJC_ROOT_CLASS = YES_ERROR;
				CLANG_WARN_SUSPICIOUS_MOVE = YES;
				CLANG_WARN_UNREACHABLE_CODE = YES;
				CLANG_WARN__DUPLICATE_METHOD_MATCH = YES;
				"CODE_SIGN_IDENTITY[sdk=iphoneos*]" = "iPhone Developer";
				COPY_PHASE_STRIP = NO;
				DEBUG_INFORMATION_FORMAT = dwarf;
				ENABLE_STRICT_OBJC_MSGSEND = YES;
				ENABLE_TESTABILITY = YES;
				GCC_C_LANGUAGE_STANDARD = gnu99;
				GCC_DYNAMIC_NO_PIC = NO;
				GCC_NO_COMMON_BLOCKS = YES;
				GCC_OPTIMIZATION_LEVEL = 0;
				GCC_PREPROCESSOR_DEFINITIONS = (
					"DEBUG=1",
					"$(inherited)",
				);
				GCC_WARN_64_TO_32_BIT_CONVERSION = YES;
				GCC_WARN_ABOUT_RETURN_TYPE = YES_ERROR;
				GCC_WARN_UNDECLARED_SELECTOR = YES;
				GCC_WARN_UNINITIALIZED_AUTOS = YES_AGGRESSIVE;
				GCC_WARN_UNUSED_FUNCTION = YES;
				GCC_WARN_UNUSED_VARIABLE = YES;
				IPHONEOS_DEPLOYMENT_TARGET = 9.3;
				MTL_ENABLE_DEBUG_INFO = YES;
				ONLY_ACTIVE_ARCH = YES;
				SDKROOT = iphoneos;
				SWIFT_OPTIMIZATION_LEVEL = "-Onone";
			};
			name = Debug;
		};
		6B36E1331D09DE6300F7C758 /* Release */ = {
			isa = XCBuildConfiguration;
			buildSettings = {
				ALWAYS_SEARCH_USER_PATHS = NO;
				CLANG_ANALYZER_NONNULL = YES;
				CLANG_CXX_LANGUAGE_STANDARD = "gnu++0x";
				CLANG_CXX_LIBRARY = "libc++";
				CLANG_ENABLE_MODULES = YES;
				CLANG_ENABLE_OBJC_ARC = YES;
				CLANG_WARN_BOOL_CONVERSION = YES;
				CLANG_WARN_CONSTANT_CONVERSION = YES;
				CLANG_WARN_DIRECT_OBJC_ISA_USAGE = YES_ERROR;
				CLANG_WARN_EMPTY_BODY = YES;
				CLANG_WARN_ENUM_CONVERSION = YES;
				CLANG_WARN_INFINITE_RECURSION = YES;
				CLANG_WARN_INT_CONVERSION = YES;
				CLANG_WARN_OBJC_ROOT_CLASS = YES_ERROR;
				CLANG_WARN_SUSPICIOUS_MOVE = YES;
				CLANG_WARN_UNREACHABLE_CODE = YES;
				CLANG_WARN__DUPLICATE_METHOD_MATCH = YES;
				"CODE_SIGN_IDENTITY[sdk=iphoneos*]" = "iPhone Developer";
				COPY_PHASE_STRIP = NO;
				DEBUG_INFORMATION_FORMAT = "dwarf-with-dsym";
				ENABLE_NS_ASSERTIONS = NO;
				ENABLE_STRICT_OBJC_MSGSEND = YES;
				GCC_C_LANGUAGE_STANDARD = gnu99;
				GCC_NO_COMMON_BLOCKS = YES;
				GCC_WARN_64_TO_32_BIT_CONVERSION = YES;
				GCC_WARN_ABOUT_RETURN_TYPE = YES_ERROR;
				GCC_WARN_UNDECLARED_SELECTOR = YES;
				GCC_WARN_UNINITIALIZED_AUTOS = YES_AGGRESSIVE;
				GCC_WARN_UNUSED_FUNCTION = YES;
				GCC_WARN_UNUSED_VARIABLE = YES;
				IPHONEOS_DEPLOYMENT_TARGET = 9.3;
				MTL_ENABLE_DEBUG_INFO = NO;
				SDKROOT = iphoneos;
				SWIFT_OPTIMIZATION_LEVEL = "-Owholemodule";
				VALIDATE_PRODUCT = YES;
			};
			name = Release;
		};
		6B36E1351D09DE6300F7C758 /* Debug */ = {
			isa = XCBuildConfiguration;
			buildSettings = {
				ASSETCATALOG_COMPILER_APPICON_NAME = AppIcon;
				CODE_SIGN_IDENTITY = "iPhone Developer";
				INFOPLIST_FILE = UIScrollViewDemo3/Info.plist;
				LD_RUNPATH_SEARCH_PATHS = "$(inherited) @executable_path/Frameworks";
				PRODUCT_BUNDLE_IDENTIFIER = com.LC.UIScrollViewDemo3;
				PRODUCT_NAME = "$(TARGET_NAME)";
				SWIFT_VERSION = 3.0;
			};
			name = Debug;
		};
		6B36E1361D09DE6300F7C758 /* Release */ = {
			isa = XCBuildConfiguration;
			buildSettings = {
				ASSETCATALOG_COMPILER_APPICON_NAME = AppIcon;
				CODE_SIGN_IDENTITY = "iPhone Developer";
				INFOPLIST_FILE = UIScrollViewDemo3/Info.plist;
				LD_RUNPATH_SEARCH_PATHS = "$(inherited) @executable_path/Frameworks";
				PRODUCT_BUNDLE_IDENTIFIER = com.LC.UIScrollViewDemo3;
				PRODUCT_NAME = "$(TARGET_NAME)";
				SWIFT_VERSION = 3.0;
			};
			name = Release;
		};
/* End XCBuildConfiguration section */

/* Begin XCConfigurationList section */
		6B36E11D1D09DE6300F7C758 /* Build configuration list for PBXProject "UIScrollViewDemo3" */ = {
			isa = XCConfigurationList;
			buildConfigurations = (
				6B36E1321D09DE6300F7C758 /* Debug */,
				6B36E1331D09DE6300F7C758 /* Release */,
			);
			defaultConfigurationIsVisible = 0;
			defaultConfigurationName = Release;
		};
		6B36E1341D09DE6300F7C758 /* Build configuration list for PBXNativeTarget "UIScrollViewDemo3" */ = {
			isa = XCConfigurationList;
			buildConfigurations = (
				6B36E1351D09DE6300F7C758 /* Debug */,
				6B36E1361D09DE6300F7C758 /* Release */,
			);
			defaultConfigurationIsVisible = 0;
			defaultConfigurationName = Release;
		};
/* End XCConfigurationList section */
	};
	rootObject = 6B36E11A1D09DE6300F7C758 /* Project object */;
}
