// !$*UTF8*$!
{
	archiveVersion = 1;
	classes = {
	};
	objectVersion = 46;
	objects = {

/* Begin PBXBuildFile section */
		6B8A42BE1B710ED600607F07 /* AppDelegate.swift in Sources */ = {isa = PBXBuildFile; fileRef = 6B8A42BD1B710ED600607F07 /* AppDelegate.swift */; };
		6B8A42C01B710ED600607F07 /* ViewController.swift in Sources */ = {isa = PBXBuildFile; fileRef = 6B8A42BF1B710ED600607F07 /* ViewController.swift */; };
		6B8A42C31B710ED600607F07 /* Main.storyboard in Resources */ = {isa = PBXBuildFile; fileRef = 6B8A42C11B710ED600607F07 /* Main.storyboard */; };
		6B8A42C51B710ED600607F07 /* Assets.xcassets in Resources */ = {isa = PBXBuildFile; fileRef = 6B8A42C41B710ED600607F07 /* Assets.xcassets */; };
		6B8A42C81B710ED600607F07 /* LaunchScreen.storyboard in Resources */ = {isa = PBXBuildFile; fileRef = 6B8A42C61B710ED600607F07 /* LaunchScreen.storyboard */; };
/* End PBXBuildFile section */

/* Begin PBXFileReference section */
		6B8A42BA1B710ED600607F07 /* UIWebView.app */ = {isa = PBXFileReference; explicitFileType = wrapper.application; includeInIndex = 0; path = UIWebView.app; sourceTree = BUILT_PRODUCTS_DIR; };
		6B8A42BD1B710ED600607F07 /* AppDelegate.swift */ = {isa = PBXFileReference; lastKnownFileType = sourcecode.swift; path = AppDelegate.swift; sourceTree = "<group>"; };
		6B8A42BF1B710ED600607F07 /* ViewController.swift */ = {isa = PBXFileReference; lastKnownFileType = sourcecode.swift; path = ViewController.swift; sourceTree = "<group>"; };
		6B8A42C21B710ED600607F07 /* Base */ = {isa = PBXFileReference; lastKnownFileType = file.storyboard; name = Base; path = Base.lproj/Main.storyboard; sourceTree = "<group>"; };
		6B8A42C41B710ED600607F07 /* Assets.xcassets */ = {isa = PBXFileReference; lastKnownFileType = folder.assetcatalog; path = Assets.xcassets; sourceTree = "<group>"; };
		6B8A42C71B710ED600607F07 /* Base */ = {isa = PBXFileReference; lastKnownFileType = file.storyboard; name = Base; path = Base.lproj/LaunchScreen.storyboard; sourceTree = "<group>"; };
		6B8A42C91B710ED600607F07 /* Info.plist */ = {isa = PBXFileReference; lastKnownFileType = text.plist.xml; path = Info.plist; sourceTree = "<group>"; };
/* End PBXFileReference section */

/* Begin PBXFrameworksBuildPhase section */
		6B8A42B71B710ED600607F07 /* Frameworks */ = {
			isa = PBXFrameworksBuildPhase;
			buildActionMask = 2147483647;
			files = (
			);
			runOnlyForDeploymentPostprocessing = 0;
		};
/* End PBXFrameworksBuildPhase section */

/* Begin PBXGroup section */
		6B8A42B11B710ED600607F07 = {
			isa = PBXGroup;
			children = (
				6B8A42BC1B710ED600607F07 /* UIWebView */,
				6B8A42BB1B710ED600607F07 /* Products */,
			);
			sourceTree = "<group>";
		};
		6B8A42BB1B710ED600607F07 /* Products */ = {
			isa = PBXGroup;
			children = (
				6B8A42BA1B710ED600607F07 /* UIWebView.app */,
			);
			name = Products;
			sourceTree = "<group>";
		};
		6B8A42BC1B710ED600607F07 /* UIWebView */ = {
			isa = PBXGroup;
			children = (
				6B8A42BD1B710ED600607F07 /* AppDelegate.swift */,
				6B8A42BF1B710ED600607F07 /* ViewController.swift */,
				6B8A42C11B710ED600607F07 /* Main.storyboard */,
				6B8A42C41B710ED600607F07 /* Assets.xcassets */,
				6B8A42C61B710ED600607F07 /* LaunchScreen.storyboard */,
				6B8A42C91B710ED600607F07 /* Info.plist */,
			);
			path = UIWebView;
			sourceTree = "<group>";
		};
/* End PBXGroup section */

/* Begin PBXNativeTarget section */
		6B8A42B91B710ED600607F07 /* UIWebView */ = {
			isa = PBXNativeTarget;
			buildConfigurationList = 6B8A42CC1B710ED600607F07 /* Build configuration list for PBXNativeTarget "UIWebView" */;
			buildPhases = (
				6B8A42B61B710ED600607F07 /* Sources */,
				6B8A42B71B710ED600607F07 /* Frameworks */,
				6B8A42B81B710ED600607F07 /* Resources */,
			);
			buildRules = (
			);
			dependencies = (
			);
			name = UIWebView;
			productName = UIWebView;
			productReference = 6B8A42BA1B710ED600607F07 /* UIWebView.app */;
			productType = "com.apple.product-type.application";
		};
/* End PBXNativeTarget section */

/* Begin PBXProject section */
		6B8A42B21B710ED600607F07 /* Project object */ = {
			isa = PBXProject;
			attributes = {
				LastUpgradeCheck = 0700;
				ORGANIZATIONNAME = LC;
				TargetAttributes = {
					6B8A42B91B710ED600607F07 = {
						CreatedOnToolsVersion = 7.0;
					};
				};
			};
			buildConfigurationList = 6B8A42B51B710ED600607F07 /* Build configuration list for PBXProject "UIWebView" */;
			compatibilityVersion = "Xcode 3.2";
			developmentRegion = English;
			hasScannedForEncodings = 0;
			knownRegions = (
				en,
				Base,
			);
			mainGroup = 6B8A42B11B710ED600607F07;
			productRefGroup = 6B8A42BB1B710ED600607F07 /* Products */;
			projectDirPath = "";
			projectRoot = "";
			targets = (
				6B8A42B91B710ED600607F07 /* UIWebView */,
			);
		};
/* End PBXProject section */

/* Begin PBXResourcesBuildPhase section */
		6B8A42B81B710ED600607F07 /* Resources */ = {
			isa = PBXResourcesBuildPhase;
			buildActionMask = 2147483647;
			files = (
				6B8A42C81B710ED600607F07 /* LaunchScreen.storyboard in Resources */,
				6B8A42C51B710ED600607F07 /* Assets.xcassets in Resources */,
				6B8A42C31B710ED600607F07 /* Main.storyboard in Resources */,
			);
			runOnlyForDeploymentPostprocessing = 0;
		};
/* End PBXResourcesBuildPhase section */

/* Begin PBXSourcesBuildPhase section */
		6B8A42B61B710ED600607F07 /* Sources */ = {
			isa = PBXSourcesBuildPhase;
			buildActionMask = 2147483647;
			files = (
				6B8A42C01B710ED600607F07 /* ViewController.swift in Sources */,
				6B8A42BE1B710ED600607F07 /* AppDelegate.swift in Sources */,
			);
			runOnlyForDeploymentPostprocessing = 0;
		};
/* End PBXSourcesBuildPhase section */

/* Begin PBXVariantGroup section */
		6B8A42C11B710ED600607F07 /* Main.storyboard */ = {
			isa = PBXVariantGroup;
			children = (
				6B8A42C21B710ED600607F07 /* Base */,
			);
			name = Main.storyboard;
			sourceTree = "<group>";
		};
		6B8A42C61B710ED600607F07 /* LaunchScreen.storyboard */ = {
			isa = PBXVariantGroup;
			children = (
				6B8A42C71B710ED600607F07 /* Base */,
			);
			name = LaunchScreen.storyboard;
			sourceTree = "<group>";
		};
/* End PBXVariantGroup section */

/* Begin XCBuildConfiguration section */
		6B8A42CA1B710ED600607F07 /* Debug */ = {
			isa = XCBuildConfiguration;
			buildSettings = {
				ALWAYS_SEARCH_USER_PATHS = NO;
				CLANG_CXX_LANGUAGE_STANDARD = "gnu++0x";
				CLANG_CXX_LIBRARY = "libc++";
				CLANG_ENABLE_MODULES = YES;
				CLANG_ENABLE_OBJC_ARC = YES;
				CLANG_WARN_BOOL_CONVERSION = YES;
				CLANG_WARN_CONSTANT_CONVERSION = YES;
				CLANG_WARN_DIRECT_OBJC_ISA_USAGE = YES_ERROR;
				CLANG_WARN_EMPTY_BODY = YES;
				CLANG_WARN_ENUM_CONVERSION = YES;
				CLANG_WARN_INT_CONVERSION = YES;
				CLANG_WARN_OBJC_ROOT_CLASS = YES_ERROR;
				CLANG_WARN_UNREACHABLE_CODE = YES;
				CLANG_WARN__DUPLICATE_METHOD_MATCH = YES;
				"CODE_SIGN_IDENTITY[sdk=iphoneos*]" = "iPhone Developer";
				COPY_PHASE_STRIP = NO;
				DEBUG_INFORMATION_FORMAT = dwarf;
				ENABLE_STRICT_OBJC_MSGSEND = YES;
				ENABLE_TESTABILITY = YES;
				GCC_C_LANGUAGE_STANDARD = gnu99;
				GCC_DYNAMIC_NO_PIC = NO;
				GCC_NO_COMMON_BLOCKS = YES;
				GCC_OPTIMIZATION_LEVEL = 0;
				GCC_PREPROCESSOR_DEFINITIONS = (
					"DEBUG=1",
					"$(inherited)",
				);
				GCC_WARN_64_TO_32_BIT_CONVERSION = YES;
				GCC_WARN_ABOUT_RETURN_TYPE = YES_ERROR;
				GCC_WARN_UNDECLARED_SELECTOR = YES;
				GCC_WARN_UNINITIALIZED_AUTOS = YES_AGGRESSIVE;
				GCC_WARN_UNUSED_FUNCTION = YES;
				GCC_WARN_UNUSED_VARIABLE = YES;
				IPHONEOS_DEPLOYMENT_TARGET = 9.0;
				MTL_ENABLE_DEBUG_INFO = YES;
				ONLY_ACTIVE_ARCH = YES;
				SDKROOT = iphoneos;
				SWIFT_OPTIMIZATION_LEVEL = "-Onone";
			};
			name = Debug;
		};
		6B8A42CB1B710ED600607F07 /* Release */ = {
			isa = XCBuildConfiguration;
			buildSettings = {
				ALWAYS_SEARCH_USER_PATHS = NO;
				CLANG_CXX_LANGUAGE_STANDARD = "gnu++0x";
				CLANG_CXX_LIBRARY = "libc++";
				CLANG_ENABLE_MODULES = YES;
				CLANG_ENABLE_OBJC_ARC = YES;
				CLANG_WARN_BOOL_CONVERSION = YES;
				CLANG_WARN_CONSTANT_CONVERSION = YES;
				CLANG_WARN_DIRECT_OBJC_ISA_USAGE = YES_ERROR;
				CLANG_WARN_EMPTY_BODY = YES;
				CLANG_WARN_ENUM_CONVERSION = YES;
				CLANG_WARN_INT_CONVERSION = YES;
				CLANG_WARN_OBJC_ROOT_CLASS = YES_ERROR;
				CLANG_WARN_UNREACHABLE_CODE = YES;
				CLANG_WARN__DUPLICATE_METHOD_MATCH = YES;
				"CODE_SIGN_IDENTITY[sdk=iphoneos*]" = "iPhone Developer";
				COPY_PHASE_STRIP = NO;
				DEBUG_INFORMATION_FORMAT = "dwarf-with-dsym";
				ENABLE_NS_ASSERTIONS = NO;
				ENABLE_STRICT_OBJC_MSGSEND = YES;
				GCC_C_LANGUAGE_STANDARD = gnu99;
				GCC_NO_COMMON_BLOCKS = YES;
				GCC_WARN_64_TO_32_BIT_CONVERSION = YES;
				GCC_WARN_ABOUT_RETURN_TYPE = YES_ERROR;
				GCC_WARN_UNDECLARED_SELECTOR = YES;
				GCC_WARN_UNINITIALIZED_AUTOS = YES_AGGRESSIVE;
				GCC_WARN_UNUSED_FUNCTION = YES;
				GCC_WARN_UNUSED_VARIABLE = YES;
				IPHONEOS_DEPLOYMENT_TARGET = 9.0;
				MTL_ENABLE_DEBUG_INFO = NO;
				SDKROOT = iphoneos;
				VALIDATE_PRODUCT = YES;
			};
			name = Release;
		};
		6B8A42CD1B710ED600607F07 /* Debug */ = {
			isa = XCBuildConfiguration;
			buildSettings = {
				ASSETCATALOG_COMPILER_APPICON_NAME = AppIcon;
				INFOPLIST_FILE = UIWebView/Info.plist;
				LD_RUNPATH_SEARCH_PATHS = "$(inherited) @executable_path/Frameworks";
				PRODUCT_BUNDLE_IDENTIFIER = com.LC.UIWebView;
				PRODUCT_NAME = "$(TARGET_NAME)";
			};
			name = Debug;
		};
		6B8A42CE1B710ED600607F07 /* Release */ = {
			isa = XCBuildConfiguration;
			buildSettings = {
				ASSETCATALOG_COMPILER_APPICON_NAME = AppIcon;
				INFOPLIST_FILE = UIWebView/Info.plist;
				LD_RUNPATH_SEARCH_PATHS = "$(inherited) @executable_path/Frameworks";
				PRODUCT_BUNDLE_IDENTIFIER = com.LC.UIWebView;
				PRODUCT_NAME = "$(TARGET_NAME)";
			};
			name = Release;
		};
/* End XCBuildConfiguration section */

/* Begin XCConfigurationList section */
		6B8A42B51B710ED600607F07 /* Build configuration list for PBXProject "UIWebView" */ = {
			isa = XCConfigurationList;
			buildConfigurations = (
				6B8A42CA1B710ED600607F07 /* Debug */,
				6B8A42CB1B710ED600607F07 /* Release */,
			);
			defaultConfigurationIsVisible = 0;
			defaultConfigurationName = Release;
		};
		6B8A42CC1B710ED600607F07 /* Build configuration list for PBXNativeTarget "UIWebView" */ = {
			isa = XCConfigurationList;
			buildConfigurations = (
				6B8A42CD1B710ED600607F07 /* Debug */,
				6B8A42CE1B710ED600607F07 /* Release */,
			);
			defaultConfigurationIsVisible = 0;
		};
/* End XCConfigurationList section */
	};
	rootObject = 6B8A42B21B710ED600607F07 /* Project object */;
}
