// !$*UTF8*$!
{
	archiveVersion = 1;
	classes = {
	};
	objectVersion = 46;
	objects = {

/* Begin PBXBuildFile section */
		6B886EAE1D1F19790028EC73 /* MyTableViewCell.swift in Sources */ = {isa = PBXBuildFile; fileRef = 6B886EAD1D1F19790028EC73 /* MyTableViewCell.swift */; };
		6BACA8F51B77393200DBD139 /* AppDelegate.swift in Sources */ = {isa = PBXBuildFile; fileRef = 6BACA8F41B77393200DBD139 /* AppDelegate.swift */; };
		6BACA8F71B77393200DBD139 /* ViewController.swift in Sources */ = {isa = PBXBuildFile; fileRef = 6BACA8F61B77393200DBD139 /* ViewController.swift */; };
		6BACA8FA1B77393200DBD139 /* Main.storyboard in Resources */ = {isa = PBXBuildFile; fileRef = 6BACA8F81B77393200DBD139 /* Main.storyboard */; };
		6BACA8FC1B77393200DBD139 /* Assets.xcassets in Resources */ = {isa = PBXBuildFile; fileRef = 6BACA8FB1B77393200DBD139 /* Assets.xcassets */; };
		6BACA8FF1B77393200DBD139 /* LaunchScreen.storyboard in Resources */ = {isa = PBXBuildFile; fileRef = 6BACA8FD1B77393200DBD139 /* LaunchScreen.storyboard */; };
/* End PBXBuildFile section */

/* Begin PBXFileReference section */
		6B886EAD1D1F19790028EC73 /* MyTableViewCell.swift */ = {isa = PBXFileReference; fileEncoding = 4; lastKnownFileType = sourcecode.swift; path = MyTableViewCell.swift; sourceTree = "<group>"; };
		6BACA8F11B77393200DBD139 /* UITableView.app */ = {isa = PBXFileReference; explicitFileType = wrapper.application; includeInIndex = 0; path = UITableView.app; sourceTree = BUILT_PRODUCTS_DIR; };
		6BACA8F41B77393200DBD139 /* AppDelegate.swift */ = {isa = PBXFileReference; lastKnownFileType = sourcecode.swift; path = AppDelegate.swift; sourceTree = "<group>"; };
		6BACA8F61B77393200DBD139 /* ViewController.swift */ = {isa = PBXFileReference; lastKnownFileType = sourcecode.swift; path = ViewController.swift; sourceTree = "<group>"; };
		6BACA8F91B77393200DBD139 /* Base */ = {isa = PBXFileReference; lastKnownFileType = file.storyboard; name = Base; path = Base.lproj/Main.storyboard; sourceTree = "<group>"; };
		6BACA8FB1B77393200DBD139 /* Assets.xcassets */ = {isa = PBXFileReference; lastKnownFileType = folder.assetcatalog; path = Assets.xcassets; sourceTree = "<group>"; };
		6BACA8FE1B77393200DBD139 /* Base */ = {isa = PBXFileReference; lastKnownFileType = file.storyboard; name = Base; path = Base.lproj/LaunchScreen.storyboard; sourceTree = "<group>"; };
		6BACA9001B77393200DBD139 /* Info.plist */ = {isa = PBXFileReference; lastKnownFileType = text.plist.xml; path = Info.plist; sourceTree = "<group>"; };
/* End PBXFileReference section */

/* Begin PBXFrameworksBuildPhase section */
		6BACA8EE1B77393200DBD139 /* Frameworks */ = {
			isa = PBXFrameworksBuildPhase;
			buildActionMask = 2147483647;
			files = (
			);
			runOnlyForDeploymentPostprocessing = 0;
		};
/* End PBXFrameworksBuildPhase section */

/* Begin PBXGroup section */
		6BACA8E81B77393200DBD139 = {
			isa = PBXGroup;
			children = (
				6BACA8F31B77393200DBD139 /* UITableView */,
				6BACA8F21B77393200DBD139 /* Products */,
			);
			sourceTree = "<group>";
		};
		6BACA8F21B77393200DBD139 /* Products */ = {
			isa = PBXGroup;
			children = (
				6BACA8F11B77393200DBD139 /* UITableView.app */,
			);
			name = Products;
			sourceTree = "<group>";
		};
		6BACA8F31B77393200DBD139 /* UITableView */ = {
			isa = PBXGroup;
			children = (
				6BACA8F41B77393200DBD139 /* AppDelegate.swift */,
				6BACA8F61B77393200DBD139 /* ViewController.swift */,
				6B886EAD1D1F19790028EC73 /* MyTableViewCell.swift */,
				6BACA8F81B77393200DBD139 /* Main.storyboard */,
				6BACA8FB1B77393200DBD139 /* Assets.xcassets */,
				6BACA8FD1B77393200DBD139 /* LaunchScreen.storyboard */,
				6BACA9001B77393200DBD139 /* Info.plist */,
			);
			path = UITableView;
			sourceTree = "<group>";
		};
/* End PBXGroup section */

/* Begin PBXNativeTarget section */
		6BACA8F01B77393200DBD139 /* UITableView */ = {
			isa = PBXNativeTarget;
			buildConfigurationList = 6BACA9031B77393200DBD139 /* Build configuration list for PBXNativeTarget "UITableView" */;
			buildPhases = (
				6BACA8ED1B77393200DBD139 /* Sources */,
				6BACA8EE1B77393200DBD139 /* Frameworks */,
				6BACA8EF1B77393200DBD139 /* Resources */,
			);
			buildRules = (
			);
			dependencies = (
			);
			name = UITableView;
			productName = UITableView;
			productReference = 6BACA8F11B77393200DBD139 /* UITableView.app */;
			productType = "com.apple.product-type.application";
		};
/* End PBXNativeTarget section */

/* Begin PBXProject section */
		6BACA8E91B77393200DBD139 /* Project object */ = {
			isa = PBXProject;
			attributes = {
				LastUpgradeCheck = 0700;
				ORGANIZATIONNAME = LC;
				TargetAttributes = {
					6BACA8F01B77393200DBD139 = {
						CreatedOnToolsVersion = 7.0;
						DevelopmentTeam = QTU7D3WQQ9;
					};
				};
			};
			buildConfigurationList = 6BACA8EC1B77393200DBD139 /* Build configuration list for PBXProject "UITableView" */;
			compatibilityVersion = "Xcode 3.2";
			developmentRegion = English;
			hasScannedForEncodings = 0;
			knownRegions = (
				en,
				Base,
			);
			mainGroup = 6BACA8E81B77393200DBD139;
			productRefGroup = 6BACA8F21B77393200DBD139 /* Products */;
			projectDirPath = "";
			projectRoot = "";
			targets = (
				6BACA8F01B77393200DBD139 /* UITableView */,
			);
		};
/* End PBXProject section */

/* Begin PBXResourcesBuildPhase section */
		6BACA8EF1B77393200DBD139 /* Resources */ = {
			isa = PBXResourcesBuildPhase;
			buildActionMask = 2147483647;
			files = (
				6BACA8FF1B77393200DBD139 /* LaunchScreen.storyboard in Resources */,
				6BACA8FC1B77393200DBD139 /* Assets.xcassets in Resources */,
				6BACA8FA1B77393200DBD139 /* Main.storyboard in Resources */,
			);
			runOnlyForDeploymentPostprocessing = 0;
		};
/* End PBXResourcesBuildPhase section */

/* Begin PBXSourcesBuildPhase section */
		6BACA8ED1B77393200DBD139 /* Sources */ = {
			isa = PBXSourcesBuildPhase;
			buildActionMask = 2147483647;
			files = (
				6BACA8F71B77393200DBD139 /* ViewController.swift in Sources */,
				6BACA8F51B77393200DBD139 /* AppDelegate.swift in Sources */,
				6B886EAE1D1F19790028EC73 /* MyTableViewCell.swift in Sources */,
			);
			runOnlyForDeploymentPostprocessing = 0;
		};
/* End PBXSourcesBuildPhase section */

/* Begin PBXVariantGroup section */
		6BACA8F81B77393200DBD139 /* Main.storyboard */ = {
			isa = PBXVariantGroup;
			children = (
				6BACA8F91B77393200DBD139 /* Base */,
			);
			name = Main.storyboard;
			sourceTree = "<group>";
		};
		6BACA8FD1B77393200DBD139 /* LaunchScreen.storyboard */ = {
			isa = PBXVariantGroup;
			children = (
				6BACA8FE1B77393200DBD139 /* Base */,
			);
			name = LaunchScreen.storyboard;
			sourceTree = "<group>";
		};
/* End PBXVariantGroup section */

/* Begin XCBuildConfiguration section */
		6BACA9011B77393200DBD139 /* Debug */ = {
			isa = XCBuildConfiguration;
			buildSettings = {
				ALWAYS_SEARCH_USER_PATHS = NO;
				CLANG_CXX_LANGUAGE_STANDARD = "gnu++0x";
				CLANG_CXX_LIBRARY = "libc++";
				CLANG_ENABLE_MODULES = YES;
				CLANG_ENABLE_OBJC_ARC = YES;
				CLANG_WARN_BOOL_CONVERSION = YES;
				CLANG_WARN_CONSTANT_CONVERSION = YES;
				CLANG_WARN_DIRECT_OBJC_ISA_USAGE = YES_ERROR;
				CLANG_WARN_EMPTY_BODY = YES;
				CLANG_WARN_ENUM_CONVERSION = YES;
				CLANG_WARN_INT_CONVERSION = YES;
				CLANG_WARN_OBJC_ROOT_CLASS = YES_ERROR;
				CLANG_WARN_UNREACHABLE_CODE = YES;
				CLANG_WARN__DUPLICATE_METHOD_MATCH = YES;
				"CODE_SIGN_IDENTITY[sdk=iphoneos*]" = "iPhone Developer";
				COPY_PHASE_STRIP = NO;
				DEBUG_INFORMATION_FORMAT = dwarf;
				ENABLE_STRICT_OBJC_MSGSEND = YES;
				ENABLE_TESTABILITY = YES;
				GCC_C_LANGUAGE_STANDARD = gnu99;
				GCC_DYNAMIC_NO_PIC = NO;
				GCC_NO_COMMON_BLOCKS = YES;
				GCC_OPTIMIZATION_LEVEL = 0;
				GCC_PREPROCESSOR_DEFINITIONS = (
					"DEBUG=1",
					"$(inherited)",
				);
				GCC_WARN_64_TO_32_BIT_CONVERSION = YES;
				GCC_WARN_ABOUT_RETURN_TYPE = YES_ERROR;
				GCC_WARN_UNDECLARED_SELECTOR = YES;
				GCC_WARN_UNINITIALIZED_AUTOS = YES_AGGRESSIVE;
				GCC_WARN_UNUSED_FUNCTION = YES;
				GCC_WARN_UNUSED_VARIABLE = YES;
				IPHONEOS_DEPLOYMENT_TARGET = 9.0;
				MTL_ENABLE_DEBUG_INFO = YES;
				ONLY_ACTIVE_ARCH = YES;
				SDKROOT = iphoneos;
				SWIFT_OPTIMIZATION_LEVEL = "-Onone";
			};
			name = Debug;
		};
		6BACA9021B77393200DBD139 /* Release */ = {
			isa = XCBuildConfiguration;
			buildSettings = {
				ALWAYS_SEARCH_USER_PATHS = NO;
				CLANG_CXX_LANGUAGE_STANDARD = "gnu++0x";
				CLANG_CXX_LIBRARY = "libc++";
				CLANG_ENABLE_MODULES = YES;
				CLANG_ENABLE_OBJC_ARC = YES;
				CLANG_WARN_BOOL_CONVERSION = YES;
				CLANG_WARN_CONSTANT_CONVERSION = YES;
				CLANG_WARN_DIRECT_OBJC_ISA_USAGE = YES_ERROR;
				CLANG_WARN_EMPTY_BODY = YES;
				CLANG_WARN_ENUM_CONVERSION = YES;
				CLANG_WARN_INT_CONVERSION = YES;
				CLANG_WARN_OBJC_ROOT_CLASS = YES_ERROR;
				CLANG_WARN_UNREACHABLE_CODE = YES;
				CLANG_WARN__DUPLICATE_METHOD_MATCH = YES;
				"CODE_SIGN_IDENTITY[sdk=iphoneos*]" = "iPhone Developer";
				COPY_PHASE_STRIP = NO;
				DEBUG_INFORMATION_FORMAT = "dwarf-with-dsym";
				ENABLE_NS_ASSERTIONS = NO;
				ENABLE_STRICT_OBJC_MSGSEND = YES;
				GCC_C_LANGUAGE_STANDARD = gnu99;
				GCC_NO_COMMON_BLOCKS = YES;
				GCC_WARN_64_TO_32_BIT_CONVERSION = YES;
				GCC_WARN_ABOUT_RETURN_TYPE = YES_ERROR;
				GCC_WARN_UNDECLARED_SELECTOR = YES;
				GCC_WARN_UNINITIALIZED_AUTOS = YES_AGGRESSIVE;
				GCC_WARN_UNUSED_FUNCTION = YES;
				GCC_WARN_UNUSED_VARIABLE = YES;
				IPHONEOS_DEPLOYMENT_TARGET = 9.0;
				MTL_ENABLE_DEBUG_INFO = NO;
				SDKROOT = iphoneos;
				VALIDATE_PRODUCT = YES;
			};
			name = Release;
		};
		6BACA9041B77393200DBD139 /* Debug */ = {
			isa = XCBuildConfiguration;
			buildSettings = {
				ASSETCATALOG_COMPILER_APPICON_NAME = AppIcon;
				INFOPLIST_FILE = UITableView/Info.plist;
				LD_RUNPATH_SEARCH_PATHS = "$(inherited) @executable_path/Frameworks";
				PRODUCT_BUNDLE_IDENTIFIER = com.LC.UITableView;
				PRODUCT_NAME = "$(TARGET_NAME)";
			};
			name = Debug;
		};
		6BACA9051B77393200DBD139 /* Release */ = {
			isa = XCBuildConfiguration;
			buildSettings = {
				ASSETCATALOG_COMPILER_APPICON_NAME = AppIcon;
				INFOPLIST_FILE = UITableView/Info.plist;
				LD_RUNPATH_SEARCH_PATHS = "$(inherited) @executable_path/Frameworks";
				PRODUCT_BUNDLE_IDENTIFIER = com.LC.UITableView;
				PRODUCT_NAME = "$(TARGET_NAME)";
			};
			name = Release;
		};
/* End XCBuildConfiguration section */

/* Begin XCConfigurationList section */
		6BACA8EC1B77393200DBD139 /* Build configuration list for PBXProject "UITableView" */ = {
			isa = XCConfigurationList;
			buildConfigurations = (
				6BACA9011B77393200DBD139 /* Debug */,
				6BACA9021B77393200DBD139 /* Release */,
			);
			defaultConfigurationIsVisible = 0;
			defaultConfigurationName = Release;
		};
		6BACA9031B77393200DBD139 /* Build configuration list for PBXNativeTarget "UITableView" */ = {
			isa = XCConfigurationList;
			buildConfigurations = (
				6BACA9041B77393200DBD139 /* Debug */,
				6BACA9051B77393200DBD139 /* Release */,
			);
			defaultConfigurationIsVisible = 0;
			defaultConfigurationName = Release;
		};
/* End XCConfigurationList section */
	};
	rootObject = 6BACA8E91B77393200DBD139 /* Project object */;
}
